PODS:
  - Kingfisher (6.3.1)
  - SnapKit (5.0.1)

DEPENDENCIES:
  - Kingfisher (~> 6.3.1)
  - SnapKit (~> 5.0.0)

SPEC REPOS:
  trunk:
    - Kingfisher
    - SnapKit

SPEC CHECKSUMS:
  Kingfisher: 016c8b653a35add51dd34a3aba36b580041acc74
  SnapKit: 97b92857e3df3a0c71833cce143274bf6ef8e5eb

PODFILE CHECKSUM: 3717d78469cbfdb873566c78b4b13eef7db49659

COCOAPODS: 1.13.0
