// !$*UTF8*$!
{
	archiveVersion = 1;
	classes = {
	};
	objectVersion = 55;
	objects = {

/* Begin PBXBuildFile section */
		296236DF1AC0B1A79BC70DC9 /* Pods_Cheffi.framework in Frameworks */ = {isa = PBXBuildFile; fileRef = 4FFE5AB9FA75B3E04B6128B0 /* Pods_Cheffi.framework */; };
		CE0D45172A61712400636989 /* SwifterSwift in Frameworks */ = {isa = PBXBuildFile; productRef = CE0D45162A61712400636989 /* SwifterSwift */; };
		CE0D45192A617FC500636989 /* NationalTrendSceneDIContainer.swift in Sources */ = {isa = PBXBuildFile; fileRef = CE0D45182A617FC500636989 /* NationalTrendSceneDIContainer.swift */; };
		CE0D45212A618E5700636989 /* NationalTrendFlowCoordinator.swift in Sources */ = {isa = PBXBuildFile; fileRef = CE0D45202A618E5700636989 /* NationalTrendFlowCoordinator.swift */; };
		CE0D45242A618F0C00636989 /* NationalTrendViewController.swift in Sources */ = {isa = PBXBuildFile; fileRef = CE0D45232A618F0C00636989 /* NationalTrendViewController.swift */; };
		CE0D45262A618F8700636989 /* NationalTrend.storyboard in Resources */ = {isa = PBXBuildFile; fileRef = CE0D45252A618F8700636989 /* NationalTrend.storyboard */; };
		CE0D45282A6195BD00636989 /* RestaurantRegistSceneDIContainer.swift in Sources */ = {isa = PBXBuildFile; fileRef = CE0D45272A6195BC00636989 /* RestaurantRegistSceneDIContainer.swift */; };
		CE0D452A2A6195CA00636989 /* MyPageSceneDIContainer.swift in Sources */ = {isa = PBXBuildFile; fileRef = CE0D45292A6195CA00636989 /* MyPageSceneDIContainer.swift */; };
		CE0D45322A61967700636989 /* RestaurantRegistViewController.swift in Sources */ = {isa = PBXBuildFile; fileRef = CE0D45312A61967700636989 /* RestaurantRegistViewController.swift */; };
		CE0D45342A61968200636989 /* RestaurantRegist.storyboard in Resources */ = {isa = PBXBuildFile; fileRef = CE0D45332A61968200636989 /* RestaurantRegist.storyboard */; };
		CE0D45362A61975100636989 /* RestaurantRegistFlowCoodinator.swift in Sources */ = {isa = PBXBuildFile; fileRef = CE0D45352A61975100636989 /* RestaurantRegistFlowCoodinator.swift */; };
		CE0D45382A61AA5A00636989 /* MyPageViewController.swift in Sources */ = {isa = PBXBuildFile; fileRef = CE0D45372A61AA5A00636989 /* MyPageViewController.swift */; };
		CE0D453A2A61AA7700636989 /* MyPage.storyboard in Resources */ = {isa = PBXBuildFile; fileRef = CE0D45392A61AA7700636989 /* MyPage.storyboard */; };
		CE0D453C2A61AAD700636989 /* MyPageFlowCoodinator.swift in Sources */ = {isa = PBXBuildFile; fileRef = CE0D453B2A61AAD700636989 /* MyPageFlowCoodinator.swift */; };
		CE0D453F2A61AECD00636989 /* BaseFlowCoordinator.swift in Sources */ = {isa = PBXBuildFile; fileRef = CE0D453E2A61AECD00636989 /* BaseFlowCoordinator.swift */; };
		CE0D45422A626C3B00636989 /* SimilarChefCell.swift in Sources */ = {isa = PBXBuildFile; fileRef = CE0D45402A626C3B00636989 /* SimilarChefCell.swift */; };
		CE0D45432A626C3B00636989 /* SimilarChefCell.xib in Resources */ = {isa = PBXBuildFile; fileRef = CE0D45412A626C3B00636989 /* SimilarChefCell.xib */; };
		CE1A6A6D2A62716C00FFE93D /* SimilarChefViewModel.swift in Sources */ = {isa = PBXBuildFile; fileRef = CE1A6A6C2A62716C00FFE93D /* SimilarChefViewModel.swift */; };
		CE1A6A722A6281E200FFE93D /* ProfileView.swift in Sources */ = {isa = PBXBuildFile; fileRef = CE1A6A712A6281E200FFE93D /* ProfileView.swift */; };
		CE1A6A752A6286CB00FFE93D /* SimilarChefProfileCell.swift in Sources */ = {isa = PBXBuildFile; fileRef = CE1A6A732A6286CB00FFE93D /* SimilarChefProfileCell.swift */; };
		CE1A6A762A6286CB00FFE93D /* SimilarChefProfileCell.xib in Resources */ = {isa = PBXBuildFile; fileRef = CE1A6A742A6286CB00FFE93D /* SimilarChefProfileCell.xib */; };
		CE1A6A782A6294DC00FFE93D /* TagListView.swift in Sources */ = {isa = PBXBuildFile; fileRef = CE1A6A772A6294DC00FFE93D /* TagListView.swift */; };
		CE1A6A7B2A62961D00FFE93D /* BaseView.swift in Sources */ = {isa = PBXBuildFile; fileRef = CE1A6A7A2A62961D00FFE93D /* BaseView.swift */; };
		CE1A6A912A62AECA00FFE93D /* SimilarChefViewModelTests.swift in Sources */ = {isa = PBXBuildFile; fileRef = CE1A6A902A62AECA00FFE93D /* SimilarChefViewModelTests.swift */; };
		CE42BA622A6B9D8F00EBB80A /* UIColor+Extensions.swift in Sources */ = {isa = PBXBuildFile; fileRef = CE42BA612A6B9D8F00EBB80A /* UIColor+Extensions.swift */; };
		CE42BA652A6BAF4500EBB80A /* PopupView.swift in Sources */ = {isa = PBXBuildFile; fileRef = CE42BA642A6BAF4500EBB80A /* PopupView.swift */; };
		CE42BA672A6BAF5700EBB80A /* PopupView.xib in Resources */ = {isa = PBXBuildFile; fileRef = CE42BA662A6BAF5700EBB80A /* PopupView.xib */; };
		CE42BA6B2A6BB48100EBB80A /* String+Extensions.swift in Sources */ = {isa = PBXBuildFile; fileRef = CE42BA6A2A6BB48100EBB80A /* String+Extensions.swift */; };
		CE42BA6D2A6BB98600EBB80A /* PopupViewController.swift in Sources */ = {isa = PBXBuildFile; fileRef = CE42BA6C2A6BB98600EBB80A /* PopupViewController.swift */; };
		CE42BA6F2A6BCAA300EBB80A /* Popup.storyboard in Resources */ = {isa = PBXBuildFile; fileRef = CE42BA6E2A6BCAA300EBB80A /* Popup.storyboard */; };
		CE42BA712A6BCF3A00EBB80A /* UIViewController+Extensions.swift in Sources */ = {isa = PBXBuildFile; fileRef = CE42BA702A6BCF3A00EBB80A /* UIViewController+Extensions.swift */; };
		CE42BA732A6BD1AE00EBB80A /* UserDefaultsManager.swift in Sources */ = {isa = PBXBuildFile; fileRef = CE42BA722A6BD1AE00EBB80A /* UserDefaultsManager.swift */; };
		CE42BA792A6BD52D00EBB80A /* SearchViewController.swift in Sources */ = {isa = PBXBuildFile; fileRef = CE42BA782A6BD52D00EBB80A /* SearchViewController.swift */; };
		CE42BA7B2A6BD56000EBB80A /* SearchViewModel.swift in Sources */ = {isa = PBXBuildFile; fileRef = CE42BA7A2A6BD56000EBB80A /* SearchViewModel.swift */; };
		CE42BA7D2A6BD94E00EBB80A /* Search.storyboard in Resources */ = {isa = PBXBuildFile; fileRef = CE42BA7C2A6BD94E00EBB80A /* Search.storyboard */; };
		CE70F8872A63BFC8003D0ED9 /* HomeViewModel.swift in Sources */ = {isa = PBXBuildFile; fileRef = CE70F8862A63BFC8003D0ED9 /* HomeViewModel.swift */; };
		CE70F8892A63BFEB003D0ED9 /* User.swift in Sources */ = {isa = PBXBuildFile; fileRef = CE70F8882A63BFEB003D0ED9 /* User.swift */; };
		CE70F88D2A63C0CC003D0ED9 /* SimilarChefRepository.swift in Sources */ = {isa = PBXBuildFile; fileRef = CE70F88C2A63C0CC003D0ED9 /* SimilarChefRepository.swift */; };
		CE70F8912A63C18C003D0ED9 /* FetchSimilarChefUseCase.swift in Sources */ = {isa = PBXBuildFile; fileRef = CE70F8902A63C18C003D0ED9 /* FetchSimilarChefUseCase.swift */; };
		CE70F8992A63C692003D0ED9 /* DefaultSimilarChefRepository.swift in Sources */ = {isa = PBXBuildFile; fileRef = CE70F8982A63C692003D0ED9 /* DefaultSimilarChefRepository.swift */; };
		CEABD7122A6BDE94001BC131 /* RecentSearchCell.swift in Sources */ = {isa = PBXBuildFile; fileRef = CEABD7102A6BDE94001BC131 /* RecentSearchCell.swift */; };
		CEABD7132A6BDE94001BC131 /* RecentSearchCell.xib in Resources */ = {isa = PBXBuildFile; fileRef = CEABD7112A6BDE94001BC131 /* RecentSearchCell.xib */; };
		CEABD7162A6BDEEE001BC131 /* RecommendSearchCell.swift in Sources */ = {isa = PBXBuildFile; fileRef = CEABD7142A6BDEEE001BC131 /* RecommendSearchCell.swift */; };
		CEABD7172A6BDEEE001BC131 /* RecommendSearchCell.xib in Resources */ = {isa = PBXBuildFile; fileRef = CEABD7152A6BDEEE001BC131 /* RecommendSearchCell.xib */; };
		CEABD71A2A6BDF0A001BC131 /* TopPickCell.swift in Sources */ = {isa = PBXBuildFile; fileRef = CEABD7182A6BDF0A001BC131 /* TopPickCell.swift */; };
		CEABD71B2A6BDF0A001BC131 /* TopPickCell.xib in Resources */ = {isa = PBXBuildFile; fileRef = CEABD7192A6BDF0A001BC131 /* TopPickCell.xib */; };
		CEABD71D2A6BDFD5001BC131 /* Search.swift in Sources */ = {isa = PBXBuildFile; fileRef = CEABD71C2A6BDFD5001BC131 /* Search.swift */; };
		CEABD7202A6BFF8E001BC131 /* SimilarChefListViewController.swift in Sources */ = {isa = PBXBuildFile; fileRef = CEABD71F2A6BFF8E001BC131 /* SimilarChefListViewController.swift */; };
		CEABD7222A6BFF99001BC131 /* SimilarChefList.storyboard in Resources */ = {isa = PBXBuildFile; fileRef = CEABD7212A6BFF99001BC131 /* SimilarChefList.storyboard */; };
		CEABD7242A6BFFC8001BC131 /* SimilarChefListViewModel.swift in Sources */ = {isa = PBXBuildFile; fileRef = CEABD7232A6BFFC8001BC131 /* SimilarChefListViewModel.swift */; };
		D41B45FB2A612600003EF1EC /* Storyboarded.swift in Sources */ = {isa = PBXBuildFile; fileRef = D41B45FA2A612600003EF1EC /* Storyboarded.swift */; };
		D41B45FD2A6126FD003EF1EC /* AppFlowCoordinator.swift in Sources */ = {isa = PBXBuildFile; fileRef = D41B45FC2A6126FD003EF1EC /* AppFlowCoordinator.swift */; };
		D41B45FF2A61284D003EF1EC /* AppDIContainer.swift in Sources */ = {isa = PBXBuildFile; fileRef = D41B45FE2A61284D003EF1EC /* AppDIContainer.swift */; };
		D41B46012A6128C1003EF1EC /* HomeFlowCoordinator.swift in Sources */ = {isa = PBXBuildFile; fileRef = D41B46002A6128C1003EF1EC /* HomeFlowCoordinator.swift */; };
		D41B46032A61295D003EF1EC /* HomeSceneDIContainer.swift in Sources */ = {isa = PBXBuildFile; fileRef = D41B46022A61295D003EF1EC /* HomeSceneDIContainer.swift */; };
		D41E99302A6A65660085F5D0 /* CategoryTabView.swift in Sources */ = {isa = PBXBuildFile; fileRef = D41E992F2A6A65660085F5D0 /* CategoryTabView.swift */; };
		D41E99322A6BB9A80085F5D0 /* UIView+Extensions.swift in Sources */ = {isa = PBXBuildFile; fileRef = D41E99312A6BB9A80085F5D0 /* UIView+Extensions.swift */; };
		D43331A92A6D32AE00E6CB4B /* UICollectionView+Extensions.swift in Sources */ = {isa = PBXBuildFile; fileRef = D43331A82A6D32AE00E6CB4B /* UICollectionView+Extensions.swift */; };
		D441C01E2A6693E300063822 /* CheffiRecommendationCell.swift in Sources */ = {isa = PBXBuildFile; fileRef = D441C01D2A6693E300063822 /* CheffiRecommendationCell.swift */; };
		D441C0202A66965400063822 /* CheffiRecommendationCatogoryPageView.swift in Sources */ = {isa = PBXBuildFile; fileRef = D441C01F2A66965400063822 /* CheffiRecommendationCatogoryPageView.swift */; };
		D441C0232A66985C00063822 /* CheffiRecommendationCategoryPageCell.swift in Sources */ = {isa = PBXBuildFile; fileRef = D441C0222A66985C00063822 /* CheffiRecommendationCategoryPageCell.swift */; };
		D49B59282A652330003C108E /* RestaurantContentView.swift in Sources */ = {isa = PBXBuildFile; fileRef = D49B59272A652330003C108E /* RestaurantContentView.swift */; };
		D49B592A2A652A35003C108E /* PopularRestaurantContentsView.swift in Sources */ = {isa = PBXBuildFile; fileRef = D49B59292A652A35003C108E /* PopularRestaurantContentsView.swift */; };
		D49B592C2A653454003C108E /* RestaurantContentCell.swift in Sources */ = {isa = PBXBuildFile; fileRef = D49B592B2A653454003C108E /* RestaurantContentCell.swift */; };
		D4E244B92A60FF5A004E0167 /* AppDelegate.swift in Sources */ = {isa = PBXBuildFile; fileRef = D4E244B82A60FF5A004E0167 /* AppDelegate.swift */; };
		D4E244BB2A60FF5A004E0167 /* SceneDelegate.swift in Sources */ = {isa = PBXBuildFile; fileRef = D4E244BA2A60FF5A004E0167 /* SceneDelegate.swift */; };
		D4E244BD2A60FF5A004E0167 /* HomeViewController.swift in Sources */ = {isa = PBXBuildFile; fileRef = D4E244BC2A60FF5A004E0167 /* HomeViewController.swift */; };
		D4E244C02A60FF5A004E0167 /* Home.storyboard in Resources */ = {isa = PBXBuildFile; fileRef = D4E244BE2A60FF5A004E0167 /* Home.storyboard */; };
		D4E244C22A60FF5D004E0167 /* Assets.xcassets in Resources */ = {isa = PBXBuildFile; fileRef = D4E244C12A60FF5D004E0167 /* Assets.xcassets */; };
		D4E24EDC2A64E97A00F9A3B3 /* PopularRestaurantCell.swift in Sources */ = {isa = PBXBuildFile; fileRef = D4E24EDB2A64E97A00F9A3B3 /* PopularRestaurantCell.swift */; };
		D4E24EDE2A64EA7300F9A3B3 /* MainPopularRestaurantView.swift in Sources */ = {isa = PBXBuildFile; fileRef = D4E24EDD2A64EA7300F9A3B3 /* MainPopularRestaurantView.swift */; };
		D4E24EE22A64F02E00F9A3B3 /* ContentTimeLockBubbleView.swift in Sources */ = {isa = PBXBuildFile; fileRef = D4E24EE12A64F02E00F9A3B3 /* ContentTimeLockBubbleView.swift */; };
		FF3197732A74C8F800F5DD41 /* CheffiMenuView.swift in Sources */ = {isa = PBXBuildFile; fileRef = FF3197722A74C8F800F5DD41 /* CheffiMenuView.swift */; };
		FF3197752A74C90200F5DD41 /* CheffiLocationView.swift in Sources */ = {isa = PBXBuildFile; fileRef = FF3197742A74C90200F5DD41 /* CheffiLocationView.swift */; };
		FF3197772A74C90E00F5DD41 /* CheffiReviewView.swift in Sources */ = {isa = PBXBuildFile; fileRef = FF3197762A74C90E00F5DD41 /* CheffiReviewView.swift */; };
		FF3197792A74CA9E00F5DD41 /* CheffiMenuView.xib in Resources */ = {isa = PBXBuildFile; fileRef = FF3197782A74CA9E00F5DD41 /* CheffiMenuView.xib */; };
		FF31977B2A74CC5C00F5DD41 /* CheffiMenuItemView.swift in Sources */ = {isa = PBXBuildFile; fileRef = FF31977A2A74CC5C00F5DD41 /* CheffiMenuItemView.swift */; };
		FF31977F2A74CEBC00F5DD41 /* Menu.swift in Sources */ = {isa = PBXBuildFile; fileRef = FF31977E2A74CEBC00F5DD41 /* Menu.swift */; };
		FF3197812A74D06600F5DD41 /* Int+Extensions.swift in Sources */ = {isa = PBXBuildFile; fileRef = FF3197802A74D06600F5DD41 /* Int+Extensions.swift */; };
		FF3197832A74E51100F5DD41 /* CheffiLocationView.xib in Resources */ = {isa = PBXBuildFile; fileRef = FF3197822A74E51100F5DD41 /* CheffiLocationView.xib */; };
		FF3197852A74E70900F5DD41 /* Location.swift in Sources */ = {isa = PBXBuildFile; fileRef = FF3197842A74E70900F5DD41 /* Location.swift */; };
		FF3197872A74E8C700F5DD41 /* CheffiReviewView.xib in Resources */ = {isa = PBXBuildFile; fileRef = FF3197862A74E8C700F5DD41 /* CheffiReviewView.xib */; };
		FF338AF22A77E40200FCCE00 /* CheffiContensView.swift in Sources */ = {isa = PBXBuildFile; fileRef = FF338AF12A77E40200FCCE00 /* CheffiContensView.swift */; };
		FF338AF42A77E46800FCCE00 /* CheffiContensView.xib in Resources */ = {isa = PBXBuildFile; fileRef = FF338AF32A77E46800FCCE00 /* CheffiContensView.xib */; };
		FF338AF72A77EB4B00FCCE00 /* CheffiContensViewImageCell.swift in Sources */ = {isa = PBXBuildFile; fileRef = FF338AF52A77EB4B00FCCE00 /* CheffiContensViewImageCell.swift */; };
		FF338AF82A77EB4B00FCCE00 /* CheffiContensViewImageCell.xib in Resources */ = {isa = PBXBuildFile; fileRef = FF338AF62A77EB4B00FCCE00 /* CheffiContensViewImageCell.xib */; };
		FF485D9D2A811D4B00E8B765 /* ConnectionError.swift in Sources */ = {isa = PBXBuildFile; fileRef = FF485D9C2A811D4B00E8B765 /* ConnectionError.swift */; };
		FF5059792A79513300F90D27 /* KakaoSDK in Frameworks */ = {isa = PBXBuildFile; productRef = FF5059782A79513300F90D27 /* KakaoSDK */; };
		FF5059972A7DFC7200F90D27 /* AppConfigurations.swift in Sources */ = {isa = PBXBuildFile; fileRef = FF5059962A7DFC7200F90D27 /* AppConfigurations.swift */; };
		FF50599B2A7DFF8300F90D27 /* NetworkService.swift in Sources */ = {isa = PBXBuildFile; fileRef = FF50599A2A7DFF8300F90D27 /* NetworkService.swift */; };
		FF50599D2A7DFFAF00F90D27 /* NetworkConfig.swift in Sources */ = {isa = PBXBuildFile; fileRef = FF50599C2A7DFFAF00F90D27 /* NetworkConfig.swift */; };
		FF50599F2A7E002800F90D27 /* Endpoint.swift in Sources */ = {isa = PBXBuildFile; fileRef = FF50599E2A7E002800F90D27 /* Endpoint.swift */; };
		FF5059A12A7E017400F90D27 /* DataTransferService.swift in Sources */ = {isa = PBXBuildFile; fileRef = FF5059A02A7E017400F90D27 /* DataTransferService.swift */; };
		FF5059A42A7E058400F90D27 /* TagResponseDTO.swift in Sources */ = {isa = PBXBuildFile; fileRef = FF5059A32A7E058400F90D27 /* TagResponseDTO.swift */; };
		FF5059A62A7E08DE00F90D27 /* HomeAPIEndpoints.swift in Sources */ = {isa = PBXBuildFile; fileRef = FF5059A52A7E08DE00F90D27 /* HomeAPIEndpoints.swift */; };
		FF5059A92A7E093D00F90D27 /* UserInfoDTO.swift in Sources */ = {isa = PBXBuildFile; fileRef = FF5059A82A7E093D00F90D27 /* UserInfoDTO.swift */; };
		FF5059B22A7E0B3100F90D27 /* Cancellable.swift in Sources */ = {isa = PBXBuildFile; fileRef = FF5059B12A7E0B3100F90D27 /* Cancellable.swift */; };
		FF5059B72A7E0CF900F90D27 /* Tag.swift in Sources */ = {isa = PBXBuildFile; fileRef = FF5059B62A7E0CF900F90D27 /* Tag.swift */; };
		FF5059B92A7E357C00F90D27 /* CheffiWriterView.swift in Sources */ = {isa = PBXBuildFile; fileRef = FF5059B82A7E357C00F90D27 /* CheffiWriterView.swift */; };
		FF5059BB2A7E35C200F90D27 /* CheffiWriterView.xib in Resources */ = {isa = PBXBuildFile; fileRef = FF5059BA2A7E35C200F90D27 /* CheffiWriterView.xib */; };
		FF5059BD2A7E3EF000F90D27 /* MoreViewController.swift in Sources */ = {isa = PBXBuildFile; fileRef = FF5059BC2A7E3EF000F90D27 /* MoreViewController.swift */; };
		FF5059BF2A7E3F2200F90D27 /* More.storyboard in Resources */ = {isa = PBXBuildFile; fileRef = FF5059BE2A7E3F2200F90D27 /* More.storyboard */; };
		FF5059C22A7E8E4000F90D27 /* CheffiReviewViewModel.swift in Sources */ = {isa = PBXBuildFile; fileRef = FF5059C12A7E8E4000F90D27 /* CheffiReviewViewModel.swift */; };
		FF62A44A2A7FC17F0066073F /* LoginSceneFlowCoordinator.swift in Sources */ = {isa = PBXBuildFile; fileRef = FF62A4492A7FC17F0066073F /* LoginSceneFlowCoordinator.swift */; };
		FF62A44C2A7FC1C10066073F /* SNSLoginViewController.swift in Sources */ = {isa = PBXBuildFile; fileRef = FF62A44B2A7FC1C10066073F /* SNSLoginViewController.swift */; };
		FF62A44E2A7FC1CC0066073F /* SNSLogin.storyboard in Resources */ = {isa = PBXBuildFile; fileRef = FF62A44D2A7FC1CC0066073F /* SNSLogin.storyboard */; };
		FF62A4502A7FC2C60066073F /* LoginSceneDIContainer.swift in Sources */ = {isa = PBXBuildFile; fileRef = FF62A44F2A7FC2C60066073F /* LoginSceneDIContainer.swift */; };
		FF62A4522A7FC3FD0066073F /* SNSLoginViewModel.swift in Sources */ = {isa = PBXBuildFile; fileRef = FF62A4512A7FC3FD0066073F /* SNSLoginViewModel.swift */; };
		FF97932C2A72BF9900A921A0 /* AccountManager.swift in Sources */ = {isa = PBXBuildFile; fileRef = FF97932B2A72BF9900A921A0 /* AccountManager.swift */; };
		FF97932E2A73C9D600A921A0 /* UserDefault+Ext.swift in Sources */ = {isa = PBXBuildFile; fileRef = FF97932D2A73C9D600A921A0 /* UserDefault+Ext.swift */; };
		FF9793B22A74C22800A921A0 /* PanModal in Frameworks */ = {isa = PBXBuildFile; productRef = FF9793B12A74C22800A921A0 /* PanModal */; };
		FF9793B52A74C47100A921A0 /* CheffiDetailViewController.swift in Sources */ = {isa = PBXBuildFile; fileRef = FF9793B42A74C47100A921A0 /* CheffiDetailViewController.swift */; };
		FF9793B72A74C53200A921A0 /* CheffiDetail.storyboard in Resources */ = {isa = PBXBuildFile; fileRef = FF9793B62A74C53200A921A0 /* CheffiDetail.storyboard */; };
		FFB50C4A2A72B5A80049B5E1 /* ShowAllContentsButton.swift in Sources */ = {isa = PBXBuildFile; fileRef = FFB50C492A72B5A80049B5E1 /* ShowAllContentsButton.swift */; };
		FFB50C4C2A72B6750049B5E1 /* ShowAllContentsButton.xib in Resources */ = {isa = PBXBuildFile; fileRef = FFB50C4B2A72B6750049B5E1 /* ShowAllContentsButton.xib */; };
		FFDBC6372A81380D0009189C /* NicknameViewController.swift in Sources */ = {isa = PBXBuildFile; fileRef = FFDBC6362A81380D0009189C /* NicknameViewController.swift */; };
		FFDBC6392A8138150009189C /* ProfilePhotoViewController.swift in Sources */ = {isa = PBXBuildFile; fileRef = FFDBC6382A8138150009189C /* ProfilePhotoViewController.swift */; };
		FFDBC63B2A81381E0009189C /* FoodSelectionViewController.swift in Sources */ = {isa = PBXBuildFile; fileRef = FFDBC63A2A81381E0009189C /* FoodSelectionViewController.swift */; };
		FFDBC63D2A8138330009189C /* PreferenceViewController.swift in Sources */ = {isa = PBXBuildFile; fileRef = FFDBC63C2A8138330009189C /* PreferenceViewController.swift */; };
		FFDBC63F2A81383A0009189C /* FollowSelectionViewController.swift in Sources */ = {isa = PBXBuildFile; fileRef = FFDBC63E2A81383A0009189C /* FollowSelectionViewController.swift */; };
		FFDBC6412A8139260009189C /* Nickname.storyboard in Resources */ = {isa = PBXBuildFile; fileRef = FFDBC6402A8139260009189C /* Nickname.storyboard */; };
		FFDBC6432A8139350009189C /* ProfilePhoto.storyboard in Resources */ = {isa = PBXBuildFile; fileRef = FFDBC6422A8139350009189C /* ProfilePhoto.storyboard */; };
		FFDBC6452A8139410009189C /* FoodSelection.storyboard in Resources */ = {isa = PBXBuildFile; fileRef = FFDBC6442A8139410009189C /* FoodSelection.storyboard */; };
		FFDBC6472A8139500009189C /* Preference.storyboard in Resources */ = {isa = PBXBuildFile; fileRef = FFDBC6462A8139500009189C /* Preference.storyboard */; };
		FFDBC6492A81395D0009189C /* FollowSelection.storyboard in Resources */ = {isa = PBXBuildFile; fileRef = FFDBC6482A81395D0009189C /* FollowSelection.storyboard */; };
		FFDBC64C2A813CC40009189C /* CustomProfileButton.swift in Sources */ = {isa = PBXBuildFile; fileRef = FFDBC64B2A813CC40009189C /* CustomProfileButton.swift */; };
		FFDBC64E2A813DE60009189C /* CustomProfileButton.xib in Resources */ = {isa = PBXBuildFile; fileRef = FFDBC64D2A813DE60009189C /* CustomProfileButton.xib */; };
		FFDBC66B2A8277C90009189C /* SUIT-Heavy.otf in Resources */ = {isa = PBXBuildFile; fileRef = FFDBC6622A8277C90009189C /* SUIT-Heavy.otf */; };
		FFDBC66C2A8277C90009189C /* SUIT-ExtraLight.otf in Resources */ = {isa = PBXBuildFile; fileRef = FFDBC6632A8277C90009189C /* SUIT-ExtraLight.otf */; };
		FFDBC66D2A8277C90009189C /* SUIT-Regular.otf in Resources */ = {isa = PBXBuildFile; fileRef = FFDBC6642A8277C90009189C /* SUIT-Regular.otf */; };
		FFDBC66E2A8277C90009189C /* SUIT-Light.otf in Resources */ = {isa = PBXBuildFile; fileRef = FFDBC6652A8277C90009189C /* SUIT-Light.otf */; };
		FFDBC66F2A8277C90009189C /* SUIT-ExtraBold.otf in Resources */ = {isa = PBXBuildFile; fileRef = FFDBC6662A8277C90009189C /* SUIT-ExtraBold.otf */; };
		FFDBC6702A8277C90009189C /* SUIT-SemiBold.otf in Resources */ = {isa = PBXBuildFile; fileRef = FFDBC6672A8277C90009189C /* SUIT-SemiBold.otf */; };
		FFDBC6712A8277C90009189C /* SUIT-Bold.otf in Resources */ = {isa = PBXBuildFile; fileRef = FFDBC6682A8277C90009189C /* SUIT-Bold.otf */; };
		FFDBC6722A8277C90009189C /* SUIT-Medium.otf in Resources */ = {isa = PBXBuildFile; fileRef = FFDBC6692A8277C90009189C /* SUIT-Medium.otf */; };
		FFDBC6732A8277C90009189C /* SUIT-Thin.otf in Resources */ = {isa = PBXBuildFile; fileRef = FFDBC66A2A8277C90009189C /* SUIT-Thin.otf */; };
		FFDBC6762A8278B50009189C /* Fonts.swift in Sources */ = {isa = PBXBuildFile; fileRef = FFDBC6752A8278B50009189C /* Fonts.swift */; };
		FFDBC6782A8280E20009189C /* UILabel+Extensions.swift in Sources */ = {isa = PBXBuildFile; fileRef = FFDBC6772A8280E20009189C /* UILabel+Extensions.swift */; };
		FFDBC67A2A83AD760009189C /* NicknameVIewModel.swift in Sources */ = {isa = PBXBuildFile; fileRef = FFDBC6792A83AD760009189C /* NicknameVIewModel.swift */; };
		FFDBC67C2A83B2ED0009189C /* UITextField+Extensions.swift in Sources */ = {isa = PBXBuildFile; fileRef = FFDBC67B2A83B2ED0009189C /* UITextField+Extensions.swift */; };
		FFEC55282A812F0A00C2C4D9 /* ProfileSetupViewModel.swift in Sources */ = {isa = PBXBuildFile; fileRef = FFEC55272A812F0A00C2C4D9 /* ProfileSetupViewModel.swift */; };
		FFFD94E72A8122A1001475AF /* ProfileSetupViewController.swift in Sources */ = {isa = PBXBuildFile; fileRef = FFFD94E62A8122A1001475AF /* ProfileSetupViewController.swift */; };
		FFFD94E92A812360001475AF /* ProfileSetup.storyboard in Resources */ = {isa = PBXBuildFile; fileRef = FFFD94E82A812360001475AF /* ProfileSetup.storyboard */; };
/* End PBXBuildFile section */

/* Begin PBXContainerItemProxy section */
		CE1A6A892A62AE4D00FFE93D /* PBXContainerItemProxy */ = {
			isa = PBXContainerItemProxy;
			containerPortal = D4E244AD2A60FF5A004E0167 /* Project object */;
			proxyType = 1;
			remoteGlobalIDString = D4E244B42A60FF5A004E0167;
			remoteInfo = Cheffi;
		};
/* End PBXContainerItemProxy section */

/* Begin PBXFileReference section */
		1B24CC8C1560BF374B8A3ED8 /* Pods-Cheffi.debug.xcconfig */ = {isa = PBXFileReference; includeInIndex = 1; lastKnownFileType = text.xcconfig; name = "Pods-Cheffi.debug.xcconfig"; path = "Target Support Files/Pods-Cheffi/Pods-Cheffi.debug.xcconfig"; sourceTree = "<group>"; };
		4FFE5AB9FA75B3E04B6128B0 /* Pods_Cheffi.framework */ = {isa = PBXFileReference; explicitFileType = wrapper.framework; includeInIndex = 0; path = Pods_Cheffi.framework; sourceTree = BUILT_PRODUCTS_DIR; };
		5D148B9BF9EC9E451CCFEBDE /* Pods-Cheffi.release.xcconfig */ = {isa = PBXFileReference; includeInIndex = 1; lastKnownFileType = text.xcconfig; name = "Pods-Cheffi.release.xcconfig"; path = "Target Support Files/Pods-Cheffi/Pods-Cheffi.release.xcconfig"; sourceTree = "<group>"; };
		CE0D45182A617FC500636989 /* NationalTrendSceneDIContainer.swift */ = {isa = PBXFileReference; lastKnownFileType = sourcecode.swift; path = NationalTrendSceneDIContainer.swift; sourceTree = "<group>"; };
		CE0D45202A618E5700636989 /* NationalTrendFlowCoordinator.swift */ = {isa = PBXFileReference; lastKnownFileType = sourcecode.swift; path = NationalTrendFlowCoordinator.swift; sourceTree = "<group>"; };
		CE0D45232A618F0C00636989 /* NationalTrendViewController.swift */ = {isa = PBXFileReference; lastKnownFileType = sourcecode.swift; path = NationalTrendViewController.swift; sourceTree = "<group>"; };
		CE0D45252A618F8700636989 /* NationalTrend.storyboard */ = {isa = PBXFileReference; lastKnownFileType = file.storyboard; path = NationalTrend.storyboard; sourceTree = "<group>"; };
		CE0D45272A6195BC00636989 /* RestaurantRegistSceneDIContainer.swift */ = {isa = PBXFileReference; lastKnownFileType = sourcecode.swift; path = RestaurantRegistSceneDIContainer.swift; sourceTree = "<group>"; };
		CE0D45292A6195CA00636989 /* MyPageSceneDIContainer.swift */ = {isa = PBXFileReference; lastKnownFileType = sourcecode.swift; path = MyPageSceneDIContainer.swift; sourceTree = "<group>"; };
		CE0D45312A61967700636989 /* RestaurantRegistViewController.swift */ = {isa = PBXFileReference; lastKnownFileType = sourcecode.swift; path = RestaurantRegistViewController.swift; sourceTree = "<group>"; };
		CE0D45332A61968200636989 /* RestaurantRegist.storyboard */ = {isa = PBXFileReference; lastKnownFileType = file.storyboard; path = RestaurantRegist.storyboard; sourceTree = "<group>"; };
		CE0D45352A61975100636989 /* RestaurantRegistFlowCoodinator.swift */ = {isa = PBXFileReference; lastKnownFileType = sourcecode.swift; path = RestaurantRegistFlowCoodinator.swift; sourceTree = "<group>"; };
		CE0D45372A61AA5A00636989 /* MyPageViewController.swift */ = {isa = PBXFileReference; lastKnownFileType = sourcecode.swift; path = MyPageViewController.swift; sourceTree = "<group>"; };
		CE0D45392A61AA7700636989 /* MyPage.storyboard */ = {isa = PBXFileReference; lastKnownFileType = file.storyboard; path = MyPage.storyboard; sourceTree = "<group>"; };
		CE0D453B2A61AAD700636989 /* MyPageFlowCoodinator.swift */ = {isa = PBXFileReference; lastKnownFileType = sourcecode.swift; path = MyPageFlowCoodinator.swift; sourceTree = "<group>"; };
		CE0D453E2A61AECD00636989 /* BaseFlowCoordinator.swift */ = {isa = PBXFileReference; lastKnownFileType = sourcecode.swift; path = BaseFlowCoordinator.swift; sourceTree = "<group>"; };
		CE0D45402A626C3B00636989 /* SimilarChefCell.swift */ = {isa = PBXFileReference; lastKnownFileType = sourcecode.swift; path = SimilarChefCell.swift; sourceTree = "<group>"; };
		CE0D45412A626C3B00636989 /* SimilarChefCell.xib */ = {isa = PBXFileReference; lastKnownFileType = file.xib; path = SimilarChefCell.xib; sourceTree = "<group>"; };
		CE1A6A6C2A62716C00FFE93D /* SimilarChefViewModel.swift */ = {isa = PBXFileReference; lastKnownFileType = sourcecode.swift; name = SimilarChefViewModel.swift; path = Cheffi/Presentation/HomeScene/Views/SimilarChef/ViewModel/SimilarChefViewModel.swift; sourceTree = SOURCE_ROOT; };
		CE1A6A712A6281E200FFE93D /* ProfileView.swift */ = {isa = PBXFileReference; lastKnownFileType = sourcecode.swift; path = ProfileView.swift; sourceTree = "<group>"; };
		CE1A6A732A6286CB00FFE93D /* SimilarChefProfileCell.swift */ = {isa = PBXFileReference; lastKnownFileType = sourcecode.swift; path = SimilarChefProfileCell.swift; sourceTree = "<group>"; };
		CE1A6A742A6286CB00FFE93D /* SimilarChefProfileCell.xib */ = {isa = PBXFileReference; lastKnownFileType = file.xib; path = SimilarChefProfileCell.xib; sourceTree = "<group>"; };
		CE1A6A772A6294DC00FFE93D /* TagListView.swift */ = {isa = PBXFileReference; lastKnownFileType = sourcecode.swift; path = TagListView.swift; sourceTree = "<group>"; };
		CE1A6A7A2A62961D00FFE93D /* BaseView.swift */ = {isa = PBXFileReference; lastKnownFileType = sourcecode.swift; path = BaseView.swift; sourceTree = "<group>"; };
		CE1A6A852A62AE4D00FFE93D /* CheffiTests.xctest */ = {isa = PBXFileReference; explicitFileType = wrapper.cfbundle; includeInIndex = 0; path = CheffiTests.xctest; sourceTree = BUILT_PRODUCTS_DIR; };
		CE1A6A902A62AECA00FFE93D /* SimilarChefViewModelTests.swift */ = {isa = PBXFileReference; lastKnownFileType = sourcecode.swift; path = SimilarChefViewModelTests.swift; sourceTree = "<group>"; };
		CE42BA612A6B9D8F00EBB80A /* UIColor+Extensions.swift */ = {isa = PBXFileReference; lastKnownFileType = sourcecode.swift; path = "UIColor+Extensions.swift"; sourceTree = "<group>"; };
		CE42BA642A6BAF4500EBB80A /* PopupView.swift */ = {isa = PBXFileReference; lastKnownFileType = sourcecode.swift; path = PopupView.swift; sourceTree = "<group>"; };
		CE42BA662A6BAF5700EBB80A /* PopupView.xib */ = {isa = PBXFileReference; lastKnownFileType = file.xib; path = PopupView.xib; sourceTree = "<group>"; };
		CE42BA6A2A6BB48100EBB80A /* String+Extensions.swift */ = {isa = PBXFileReference; lastKnownFileType = sourcecode.swift; path = "String+Extensions.swift"; sourceTree = "<group>"; };
		CE42BA6C2A6BB98600EBB80A /* PopupViewController.swift */ = {isa = PBXFileReference; lastKnownFileType = sourcecode.swift; path = PopupViewController.swift; sourceTree = "<group>"; };
		CE42BA6E2A6BCAA300EBB80A /* Popup.storyboard */ = {isa = PBXFileReference; lastKnownFileType = file.storyboard; path = Popup.storyboard; sourceTree = "<group>"; };
		CE42BA702A6BCF3A00EBB80A /* UIViewController+Extensions.swift */ = {isa = PBXFileReference; lastKnownFileType = sourcecode.swift; path = "UIViewController+Extensions.swift"; sourceTree = "<group>"; };
		CE42BA722A6BD1AE00EBB80A /* UserDefaultsManager.swift */ = {isa = PBXFileReference; lastKnownFileType = sourcecode.swift; path = UserDefaultsManager.swift; sourceTree = "<group>"; };
		CE42BA782A6BD52D00EBB80A /* SearchViewController.swift */ = {isa = PBXFileReference; lastKnownFileType = sourcecode.swift; path = SearchViewController.swift; sourceTree = "<group>"; };
		CE42BA7A2A6BD56000EBB80A /* SearchViewModel.swift */ = {isa = PBXFileReference; lastKnownFileType = sourcecode.swift; path = SearchViewModel.swift; sourceTree = "<group>"; };
		CE42BA7C2A6BD94E00EBB80A /* Search.storyboard */ = {isa = PBXFileReference; lastKnownFileType = file.storyboard; path = Search.storyboard; sourceTree = "<group>"; };
		CE70F8862A63BFC8003D0ED9 /* HomeViewModel.swift */ = {isa = PBXFileReference; lastKnownFileType = sourcecode.swift; name = HomeViewModel.swift; path = Cheffi/Presentation/HomeScene/ViewModels/HomeViewModel.swift; sourceTree = SOURCE_ROOT; };
		CE70F8882A63BFEB003D0ED9 /* User.swift */ = {isa = PBXFileReference; lastKnownFileType = sourcecode.swift; name = User.swift; path = Cheffi/Domain/Entities/User.swift; sourceTree = SOURCE_ROOT; };
		CE70F88C2A63C0CC003D0ED9 /* SimilarChefRepository.swift */ = {isa = PBXFileReference; lastKnownFileType = sourcecode.swift; name = SimilarChefRepository.swift; path = Cheffi/Domain/Interfaces/Repositories/SimilarChefRepository.swift; sourceTree = SOURCE_ROOT; };
		CE70F8902A63C18C003D0ED9 /* FetchSimilarChefUseCase.swift */ = {isa = PBXFileReference; lastKnownFileType = sourcecode.swift; name = FetchSimilarChefUseCase.swift; path = Cheffi/Domain/Usecases/FetchSimilarChefUseCase.swift; sourceTree = SOURCE_ROOT; };
		CE70F8982A63C692003D0ED9 /* DefaultSimilarChefRepository.swift */ = {isa = PBXFileReference; lastKnownFileType = sourcecode.swift; name = DefaultSimilarChefRepository.swift; path = Cheffi/Data/Repositories/DefaultSimilarChefRepository.swift; sourceTree = SOURCE_ROOT; };
		CEABD7102A6BDE94001BC131 /* RecentSearchCell.swift */ = {isa = PBXFileReference; lastKnownFileType = sourcecode.swift; path = RecentSearchCell.swift; sourceTree = "<group>"; };
		CEABD7112A6BDE94001BC131 /* RecentSearchCell.xib */ = {isa = PBXFileReference; lastKnownFileType = file.xib; path = RecentSearchCell.xib; sourceTree = "<group>"; };
		CEABD7142A6BDEEE001BC131 /* RecommendSearchCell.swift */ = {isa = PBXFileReference; lastKnownFileType = sourcecode.swift; path = RecommendSearchCell.swift; sourceTree = "<group>"; };
		CEABD7152A6BDEEE001BC131 /* RecommendSearchCell.xib */ = {isa = PBXFileReference; lastKnownFileType = file.xib; path = RecommendSearchCell.xib; sourceTree = "<group>"; };
		CEABD7182A6BDF0A001BC131 /* TopPickCell.swift */ = {isa = PBXFileReference; lastKnownFileType = sourcecode.swift; path = TopPickCell.swift; sourceTree = "<group>"; };
		CEABD7192A6BDF0A001BC131 /* TopPickCell.xib */ = {isa = PBXFileReference; lastKnownFileType = file.xib; path = TopPickCell.xib; sourceTree = "<group>"; };
		CEABD71C2A6BDFD5001BC131 /* Search.swift */ = {isa = PBXFileReference; lastKnownFileType = sourcecode.swift; path = Search.swift; sourceTree = "<group>"; };
		CEABD71F2A6BFF8E001BC131 /* SimilarChefListViewController.swift */ = {isa = PBXFileReference; lastKnownFileType = sourcecode.swift; path = SimilarChefListViewController.swift; sourceTree = "<group>"; };
		CEABD7212A6BFF99001BC131 /* SimilarChefList.storyboard */ = {isa = PBXFileReference; lastKnownFileType = file.storyboard; path = SimilarChefList.storyboard; sourceTree = "<group>"; };
		CEABD7232A6BFFC8001BC131 /* SimilarChefListViewModel.swift */ = {isa = PBXFileReference; lastKnownFileType = sourcecode.swift; path = SimilarChefListViewModel.swift; sourceTree = "<group>"; };
		D41B45FA2A612600003EF1EC /* Storyboarded.swift */ = {isa = PBXFileReference; lastKnownFileType = sourcecode.swift; path = Storyboarded.swift; sourceTree = "<group>"; };
		D41B45FC2A6126FD003EF1EC /* AppFlowCoordinator.swift */ = {isa = PBXFileReference; lastKnownFileType = sourcecode.swift; path = AppFlowCoordinator.swift; sourceTree = "<group>"; };
		D41B45FE2A61284D003EF1EC /* AppDIContainer.swift */ = {isa = PBXFileReference; lastKnownFileType = sourcecode.swift; path = AppDIContainer.swift; sourceTree = "<group>"; };
		D41B46002A6128C1003EF1EC /* HomeFlowCoordinator.swift */ = {isa = PBXFileReference; lastKnownFileType = sourcecode.swift; path = HomeFlowCoordinator.swift; sourceTree = "<group>"; };
		D41B46022A61295D003EF1EC /* HomeSceneDIContainer.swift */ = {isa = PBXFileReference; lastKnownFileType = sourcecode.swift; path = HomeSceneDIContainer.swift; sourceTree = "<group>"; };
		D41E992F2A6A65660085F5D0 /* CategoryTabView.swift */ = {isa = PBXFileReference; lastKnownFileType = sourcecode.swift; path = CategoryTabView.swift; sourceTree = "<group>"; };
		D41E99312A6BB9A80085F5D0 /* UIView+Extensions.swift */ = {isa = PBXFileReference; lastKnownFileType = sourcecode.swift; path = "UIView+Extensions.swift"; sourceTree = "<group>"; };
		D43331A82A6D32AE00E6CB4B /* UICollectionView+Extensions.swift */ = {isa = PBXFileReference; lastKnownFileType = sourcecode.swift; path = "UICollectionView+Extensions.swift"; sourceTree = "<group>"; };
		D441C01D2A6693E300063822 /* CheffiRecommendationCell.swift */ = {isa = PBXFileReference; lastKnownFileType = sourcecode.swift; path = CheffiRecommendationCell.swift; sourceTree = "<group>"; };
		D441C01F2A66965400063822 /* CheffiRecommendationCatogoryPageView.swift */ = {isa = PBXFileReference; lastKnownFileType = sourcecode.swift; path = CheffiRecommendationCatogoryPageView.swift; sourceTree = "<group>"; };
		D441C0222A66985C00063822 /* CheffiRecommendationCategoryPageCell.swift */ = {isa = PBXFileReference; lastKnownFileType = sourcecode.swift; path = CheffiRecommendationCategoryPageCell.swift; sourceTree = "<group>"; };
		D49B59272A652330003C108E /* RestaurantContentView.swift */ = {isa = PBXFileReference; lastKnownFileType = sourcecode.swift; path = RestaurantContentView.swift; sourceTree = "<group>"; };
		D49B59292A652A35003C108E /* PopularRestaurantContentsView.swift */ = {isa = PBXFileReference; lastKnownFileType = sourcecode.swift; path = PopularRestaurantContentsView.swift; sourceTree = "<group>"; };
		D49B592B2A653454003C108E /* RestaurantContentCell.swift */ = {isa = PBXFileReference; lastKnownFileType = sourcecode.swift; path = RestaurantContentCell.swift; sourceTree = "<group>"; };
		D4E244B52A60FF5A004E0167 /* Cheffi.app */ = {isa = PBXFileReference; explicitFileType = wrapper.application; includeInIndex = 0; path = Cheffi.app; sourceTree = BUILT_PRODUCTS_DIR; };
		D4E244B82A60FF5A004E0167 /* AppDelegate.swift */ = {isa = PBXFileReference; lastKnownFileType = sourcecode.swift; path = AppDelegate.swift; sourceTree = "<group>"; };
		D4E244BA2A60FF5A004E0167 /* SceneDelegate.swift */ = {isa = PBXFileReference; lastKnownFileType = sourcecode.swift; path = SceneDelegate.swift; sourceTree = "<group>"; };
		D4E244BC2A60FF5A004E0167 /* HomeViewController.swift */ = {isa = PBXFileReference; lastKnownFileType = sourcecode.swift; path = HomeViewController.swift; sourceTree = "<group>"; };
		D4E244BF2A60FF5A004E0167 /* Base */ = {isa = PBXFileReference; lastKnownFileType = file.storyboard; name = Base; path = Base.lproj/Home.storyboard; sourceTree = "<group>"; };
		D4E244C12A60FF5D004E0167 /* Assets.xcassets */ = {isa = PBXFileReference; lastKnownFileType = folder.assetcatalog; path = Assets.xcassets; sourceTree = "<group>"; };
		D4E244C62A60FF5D004E0167 /* Info.plist */ = {isa = PBXFileReference; lastKnownFileType = text.plist.xml; path = Info.plist; sourceTree = "<group>"; };
		D4E24EDB2A64E97A00F9A3B3 /* PopularRestaurantCell.swift */ = {isa = PBXFileReference; lastKnownFileType = sourcecode.swift; path = PopularRestaurantCell.swift; sourceTree = "<group>"; };
		D4E24EDD2A64EA7300F9A3B3 /* MainPopularRestaurantView.swift */ = {isa = PBXFileReference; lastKnownFileType = sourcecode.swift; path = MainPopularRestaurantView.swift; sourceTree = "<group>"; };
		D4E24EE12A64F02E00F9A3B3 /* ContentTimeLockBubbleView.swift */ = {isa = PBXFileReference; lastKnownFileType = sourcecode.swift; path = ContentTimeLockBubbleView.swift; sourceTree = "<group>"; };
		FF3197722A74C8F800F5DD41 /* CheffiMenuView.swift */ = {isa = PBXFileReference; lastKnownFileType = sourcecode.swift; path = CheffiMenuView.swift; sourceTree = "<group>"; };
		FF3197742A74C90200F5DD41 /* CheffiLocationView.swift */ = {isa = PBXFileReference; lastKnownFileType = sourcecode.swift; path = CheffiLocationView.swift; sourceTree = "<group>"; };
		FF3197762A74C90E00F5DD41 /* CheffiReviewView.swift */ = {isa = PBXFileReference; lastKnownFileType = sourcecode.swift; path = CheffiReviewView.swift; sourceTree = "<group>"; };
		FF3197782A74CA9E00F5DD41 /* CheffiMenuView.xib */ = {isa = PBXFileReference; lastKnownFileType = file.xib; path = CheffiMenuView.xib; sourceTree = "<group>"; };
		FF31977A2A74CC5C00F5DD41 /* CheffiMenuItemView.swift */ = {isa = PBXFileReference; lastKnownFileType = sourcecode.swift; path = CheffiMenuItemView.swift; sourceTree = "<group>"; };
		FF31977E2A74CEBC00F5DD41 /* Menu.swift */ = {isa = PBXFileReference; lastKnownFileType = sourcecode.swift; path = Menu.swift; sourceTree = "<group>"; };
		FF3197802A74D06600F5DD41 /* Int+Extensions.swift */ = {isa = PBXFileReference; lastKnownFileType = sourcecode.swift; path = "Int+Extensions.swift"; sourceTree = "<group>"; };
		FF3197822A74E51100F5DD41 /* CheffiLocationView.xib */ = {isa = PBXFileReference; lastKnownFileType = file.xib; path = CheffiLocationView.xib; sourceTree = "<group>"; };
		FF3197842A74E70900F5DD41 /* Location.swift */ = {isa = PBXFileReference; lastKnownFileType = sourcecode.swift; path = Location.swift; sourceTree = "<group>"; };
		FF3197862A74E8C700F5DD41 /* CheffiReviewView.xib */ = {isa = PBXFileReference; lastKnownFileType = file.xib; path = CheffiReviewView.xib; sourceTree = "<group>"; };
		FF338AF12A77E40200FCCE00 /* CheffiContensView.swift */ = {isa = PBXFileReference; lastKnownFileType = sourcecode.swift; path = CheffiContensView.swift; sourceTree = "<group>"; };
		FF338AF32A77E46800FCCE00 /* CheffiContensView.xib */ = {isa = PBXFileReference; lastKnownFileType = file.xib; path = CheffiContensView.xib; sourceTree = "<group>"; };
		FF338AF52A77EB4B00FCCE00 /* CheffiContensViewImageCell.swift */ = {isa = PBXFileReference; lastKnownFileType = sourcecode.swift; path = CheffiContensViewImageCell.swift; sourceTree = "<group>"; };
		FF338AF62A77EB4B00FCCE00 /* CheffiContensViewImageCell.xib */ = {isa = PBXFileReference; lastKnownFileType = file.xib; path = CheffiContensViewImageCell.xib; sourceTree = "<group>"; };
		FF485D9C2A811D4B00E8B765 /* ConnectionError.swift */ = {isa = PBXFileReference; fileEncoding = 4; lastKnownFileType = sourcecode.swift; path = ConnectionError.swift; sourceTree = "<group>"; };
		FF5059962A7DFC7200F90D27 /* AppConfigurations.swift */ = {isa = PBXFileReference; lastKnownFileType = sourcecode.swift; path = AppConfigurations.swift; sourceTree = "<group>"; };
		FF50599A2A7DFF8300F90D27 /* NetworkService.swift */ = {isa = PBXFileReference; lastKnownFileType = sourcecode.swift; path = NetworkService.swift; sourceTree = "<group>"; };
		FF50599C2A7DFFAF00F90D27 /* NetworkConfig.swift */ = {isa = PBXFileReference; lastKnownFileType = sourcecode.swift; path = NetworkConfig.swift; sourceTree = "<group>"; };
		FF50599E2A7E002800F90D27 /* Endpoint.swift */ = {isa = PBXFileReference; lastKnownFileType = sourcecode.swift; path = Endpoint.swift; sourceTree = "<group>"; };
		FF5059A02A7E017400F90D27 /* DataTransferService.swift */ = {isa = PBXFileReference; lastKnownFileType = sourcecode.swift; path = DataTransferService.swift; sourceTree = "<group>"; };
		FF5059A32A7E058400F90D27 /* TagResponseDTO.swift */ = {isa = PBXFileReference; lastKnownFileType = sourcecode.swift; path = TagResponseDTO.swift; sourceTree = "<group>"; };
		FF5059A52A7E08DE00F90D27 /* HomeAPIEndpoints.swift */ = {isa = PBXFileReference; lastKnownFileType = sourcecode.swift; path = HomeAPIEndpoints.swift; sourceTree = "<group>"; };
		FF5059A82A7E093D00F90D27 /* UserInfoDTO.swift */ = {isa = PBXFileReference; lastKnownFileType = sourcecode.swift; path = UserInfoDTO.swift; sourceTree = "<group>"; };
		FF5059B12A7E0B3100F90D27 /* Cancellable.swift */ = {isa = PBXFileReference; lastKnownFileType = sourcecode.swift; path = Cancellable.swift; sourceTree = "<group>"; };
		FF5059B62A7E0CF900F90D27 /* Tag.swift */ = {isa = PBXFileReference; lastKnownFileType = sourcecode.swift; path = Tag.swift; sourceTree = "<group>"; };
		FF5059B82A7E357C00F90D27 /* CheffiWriterView.swift */ = {isa = PBXFileReference; lastKnownFileType = sourcecode.swift; path = CheffiWriterView.swift; sourceTree = "<group>"; };
		FF5059BA2A7E35C200F90D27 /* CheffiWriterView.xib */ = {isa = PBXFileReference; lastKnownFileType = file.xib; path = CheffiWriterView.xib; sourceTree = "<group>"; };
		FF5059BC2A7E3EF000F90D27 /* MoreViewController.swift */ = {isa = PBXFileReference; lastKnownFileType = sourcecode.swift; path = MoreViewController.swift; sourceTree = "<group>"; };
		FF5059BE2A7E3F2200F90D27 /* More.storyboard */ = {isa = PBXFileReference; lastKnownFileType = file.storyboard; path = More.storyboard; sourceTree = "<group>"; };
		FF5059C12A7E8E4000F90D27 /* CheffiReviewViewModel.swift */ = {isa = PBXFileReference; lastKnownFileType = sourcecode.swift; path = CheffiReviewViewModel.swift; sourceTree = "<group>"; };
		FF62A4492A7FC17F0066073F /* LoginSceneFlowCoordinator.swift */ = {isa = PBXFileReference; lastKnownFileType = sourcecode.swift; path = LoginSceneFlowCoordinator.swift; sourceTree = "<group>"; };
		FF62A44B2A7FC1C10066073F /* SNSLoginViewController.swift */ = {isa = PBXFileReference; lastKnownFileType = sourcecode.swift; path = SNSLoginViewController.swift; sourceTree = "<group>"; };
		FF62A44D2A7FC1CC0066073F /* SNSLogin.storyboard */ = {isa = PBXFileReference; lastKnownFileType = file.storyboard; path = SNSLogin.storyboard; sourceTree = "<group>"; };
		FF62A44F2A7FC2C60066073F /* LoginSceneDIContainer.swift */ = {isa = PBXFileReference; lastKnownFileType = sourcecode.swift; path = LoginSceneDIContainer.swift; sourceTree = "<group>"; };
		FF62A4512A7FC3FD0066073F /* SNSLoginViewModel.swift */ = {isa = PBXFileReference; lastKnownFileType = sourcecode.swift; path = SNSLoginViewModel.swift; sourceTree = "<group>"; };
		FF97932B2A72BF9900A921A0 /* AccountManager.swift */ = {isa = PBXFileReference; lastKnownFileType = sourcecode.swift; path = AccountManager.swift; sourceTree = "<group>"; };
		FF97932D2A73C9D600A921A0 /* UserDefault+Ext.swift */ = {isa = PBXFileReference; lastKnownFileType = sourcecode.swift; path = "UserDefault+Ext.swift"; sourceTree = "<group>"; };
		FF9793B42A74C47100A921A0 /* CheffiDetailViewController.swift */ = {isa = PBXFileReference; lastKnownFileType = sourcecode.swift; path = CheffiDetailViewController.swift; sourceTree = "<group>"; };
		FF9793B62A74C53200A921A0 /* CheffiDetail.storyboard */ = {isa = PBXFileReference; lastKnownFileType = file.storyboard; path = CheffiDetail.storyboard; sourceTree = "<group>"; };
		FFB50C492A72B5A80049B5E1 /* ShowAllContentsButton.swift */ = {isa = PBXFileReference; lastKnownFileType = sourcecode.swift; path = ShowAllContentsButton.swift; sourceTree = "<group>"; };
		FFB50C4B2A72B6750049B5E1 /* ShowAllContentsButton.xib */ = {isa = PBXFileReference; lastKnownFileType = file.xib; path = ShowAllContentsButton.xib; sourceTree = "<group>"; };
		FFDBC6362A81380D0009189C /* NicknameViewController.swift */ = {isa = PBXFileReference; lastKnownFileType = sourcecode.swift; path = NicknameViewController.swift; sourceTree = "<group>"; };
		FFDBC6382A8138150009189C /* ProfilePhotoViewController.swift */ = {isa = PBXFileReference; lastKnownFileType = sourcecode.swift; path = ProfilePhotoViewController.swift; sourceTree = "<group>"; };
		FFDBC63A2A81381E0009189C /* FoodSelectionViewController.swift */ = {isa = PBXFileReference; lastKnownFileType = sourcecode.swift; path = FoodSelectionViewController.swift; sourceTree = "<group>"; };
		FFDBC63C2A8138330009189C /* PreferenceViewController.swift */ = {isa = PBXFileReference; lastKnownFileType = sourcecode.swift; path = PreferenceViewController.swift; sourceTree = "<group>"; };
		FFDBC63E2A81383A0009189C /* FollowSelectionViewController.swift */ = {isa = PBXFileReference; lastKnownFileType = sourcecode.swift; path = FollowSelectionViewController.swift; sourceTree = "<group>"; };
		FFDBC6402A8139260009189C /* Nickname.storyboard */ = {isa = PBXFileReference; lastKnownFileType = file.storyboard; path = Nickname.storyboard; sourceTree = "<group>"; };
		FFDBC6422A8139350009189C /* ProfilePhoto.storyboard */ = {isa = PBXFileReference; lastKnownFileType = file.storyboard; path = ProfilePhoto.storyboard; sourceTree = "<group>"; };
		FFDBC6442A8139410009189C /* FoodSelection.storyboard */ = {isa = PBXFileReference; lastKnownFileType = file.storyboard; path = FoodSelection.storyboard; sourceTree = "<group>"; };
		FFDBC6462A8139500009189C /* Preference.storyboard */ = {isa = PBXFileReference; lastKnownFileType = file.storyboard; path = Preference.storyboard; sourceTree = "<group>"; };
		FFDBC6482A81395D0009189C /* FollowSelection.storyboard */ = {isa = PBXFileReference; lastKnownFileType = file.storyboard; path = FollowSelection.storyboard; sourceTree = "<group>"; };
		FFDBC64B2A813CC40009189C /* CustomProfileButton.swift */ = {isa = PBXFileReference; lastKnownFileType = sourcecode.swift; path = CustomProfileButton.swift; sourceTree = "<group>"; };
		FFDBC64D2A813DE60009189C /* CustomProfileButton.xib */ = {isa = PBXFileReference; lastKnownFileType = file.xib; path = CustomProfileButton.xib; sourceTree = "<group>"; };
		FFDBC6622A8277C90009189C /* SUIT-Heavy.otf */ = {isa = PBXFileReference; lastKnownFileType = file; path = "SUIT-Heavy.otf"; sourceTree = "<group>"; };
		FFDBC6632A8277C90009189C /* SUIT-ExtraLight.otf */ = {isa = PBXFileReference; lastKnownFileType = file; path = "SUIT-ExtraLight.otf"; sourceTree = "<group>"; };
		FFDBC6642A8277C90009189C /* SUIT-Regular.otf */ = {isa = PBXFileReference; lastKnownFileType = file; path = "SUIT-Regular.otf"; sourceTree = "<group>"; };
		FFDBC6652A8277C90009189C /* SUIT-Light.otf */ = {isa = PBXFileReference; lastKnownFileType = file; path = "SUIT-Light.otf"; sourceTree = "<group>"; };
		FFDBC6662A8277C90009189C /* SUIT-ExtraBold.otf */ = {isa = PBXFileReference; lastKnownFileType = file; path = "SUIT-ExtraBold.otf"; sourceTree = "<group>"; };
		FFDBC6672A8277C90009189C /* SUIT-SemiBold.otf */ = {isa = PBXFileReference; lastKnownFileType = file; path = "SUIT-SemiBold.otf"; sourceTree = "<group>"; };
		FFDBC6682A8277C90009189C /* SUIT-Bold.otf */ = {isa = PBXFileReference; lastKnownFileType = file; path = "SUIT-Bold.otf"; sourceTree = "<group>"; };
		FFDBC6692A8277C90009189C /* SUIT-Medium.otf */ = {isa = PBXFileReference; lastKnownFileType = file; path = "SUIT-Medium.otf"; sourceTree = "<group>"; };
		FFDBC66A2A8277C90009189C /* SUIT-Thin.otf */ = {isa = PBXFileReference; lastKnownFileType = file; path = "SUIT-Thin.otf"; sourceTree = "<group>"; };
		FFDBC6752A8278B50009189C /* Fonts.swift */ = {isa = PBXFileReference; lastKnownFileType = sourcecode.swift; path = Fonts.swift; sourceTree = "<group>"; };
		FFDBC6772A8280E20009189C /* UILabel+Extensions.swift */ = {isa = PBXFileReference; lastKnownFileType = sourcecode.swift; path = "UILabel+Extensions.swift"; sourceTree = "<group>"; };
		FFDBC6792A83AD760009189C /* NicknameVIewModel.swift */ = {isa = PBXFileReference; lastKnownFileType = sourcecode.swift; path = NicknameVIewModel.swift; sourceTree = "<group>"; };
		FFDBC67B2A83B2ED0009189C /* UITextField+Extensions.swift */ = {isa = PBXFileReference; lastKnownFileType = sourcecode.swift; path = "UITextField+Extensions.swift"; sourceTree = "<group>"; };
		FFEC55272A812F0A00C2C4D9 /* ProfileSetupViewModel.swift */ = {isa = PBXFileReference; lastKnownFileType = sourcecode.swift; path = ProfileSetupViewModel.swift; sourceTree = "<group>"; };
		FFFD94E62A8122A1001475AF /* ProfileSetupViewController.swift */ = {isa = PBXFileReference; lastKnownFileType = sourcecode.swift; path = ProfileSetupViewController.swift; sourceTree = "<group>"; };
		FFFD94E82A812360001475AF /* ProfileSetup.storyboard */ = {isa = PBXFileReference; lastKnownFileType = file.storyboard; path = ProfileSetup.storyboard; sourceTree = "<group>"; };
/* End PBXFileReference section */

/* Begin PBXFrameworksBuildPhase section */
		CE1A6A822A62AE4D00FFE93D /* Frameworks */ = {
			isa = PBXFrameworksBuildPhase;
			buildActionMask = 2147483647;
			files = (
			);
			runOnlyForDeploymentPostprocessing = 0;
		};
		D4E244B22A60FF5A004E0167 /* Frameworks */ = {
			isa = PBXFrameworksBuildPhase;
			buildActionMask = 2147483647;
			files = (
				296236DF1AC0B1A79BC70DC9 /* Pods_Cheffi.framework in Frameworks */,
				FF5059792A79513300F90D27 /* KakaoSDK in Frameworks */,
				CE0D45172A61712400636989 /* SwifterSwift in Frameworks */,
				FF9793B22A74C22800A921A0 /* PanModal in Frameworks */,
			);
			runOnlyForDeploymentPostprocessing = 0;
		};
/* End PBXFrameworksBuildPhase section */

/* Begin PBXGroup section */
		65BDD68A3ABF29456FF37264 /* Pods */ = {
			isa = PBXGroup;
			children = (
				1B24CC8C1560BF374B8A3ED8 /* Pods-Cheffi.debug.xcconfig */,
				5D148B9BF9EC9E451CCFEBDE /* Pods-Cheffi.release.xcconfig */,
			);
			path = Pods;
			sourceTree = "<group>";
		};
		CE0D451E2A6180AD00636989 /* NationalTrendScene */ = {
			isa = PBXGroup;
			children = (
				CE0D451F2A618E3700636989 /* Flow */,
				CE0D45222A618E5F00636989 /* Views */,
			);
			path = NationalTrendScene;
			sourceTree = "<group>";
		};
		CE0D451F2A618E3700636989 /* Flow */ = {
			isa = PBXGroup;
			children = (
				CE0D45202A618E5700636989 /* NationalTrendFlowCoordinator.swift */,
			);
			path = Flow;
			sourceTree = "<group>";
		};
		CE0D45222A618E5F00636989 /* Views */ = {
			isa = PBXGroup;
			children = (
				CE0D45232A618F0C00636989 /* NationalTrendViewController.swift */,
				CE0D45252A618F8700636989 /* NationalTrend.storyboard */,
			);
			path = Views;
			sourceTree = "<group>";
		};
		CE0D452B2A61962C00636989 /* RestaurantRegistScene */ = {
			isa = PBXGroup;
			children = (
				CE0D45302A61965900636989 /* Flow */,
				CE0D452F2A61965300636989 /* View */,
			);
			path = RestaurantRegistScene;
			sourceTree = "<group>";
		};
		CE0D452C2A61963D00636989 /* MyPageScene */ = {
			isa = PBXGroup;
			children = (
				CE0D452E2A61964E00636989 /* Flow */,
				CE0D452D2A61964600636989 /* Views */,
			);
			path = MyPageScene;
			sourceTree = "<group>";
		};
		CE0D452D2A61964600636989 /* Views */ = {
			isa = PBXGroup;
			children = (
				CE0D45372A61AA5A00636989 /* MyPageViewController.swift */,
				CE0D45392A61AA7700636989 /* MyPage.storyboard */,
			);
			path = Views;
			sourceTree = "<group>";
		};
		CE0D452E2A61964E00636989 /* Flow */ = {
			isa = PBXGroup;
			children = (
				CE0D453B2A61AAD700636989 /* MyPageFlowCoodinator.swift */,
			);
			path = Flow;
			sourceTree = "<group>";
		};
		CE0D452F2A61965300636989 /* View */ = {
			isa = PBXGroup;
			children = (
				CE0D45312A61967700636989 /* RestaurantRegistViewController.swift */,
				CE0D45332A61968200636989 /* RestaurantRegist.storyboard */,
			);
			path = View;
			sourceTree = "<group>";
		};
		CE0D45302A61965900636989 /* Flow */ = {
			isa = PBXGroup;
			children = (
				CE0D45352A61975100636989 /* RestaurantRegistFlowCoodinator.swift */,
			);
			path = Flow;
			sourceTree = "<group>";
		};
		CE0D453D2A61AEB100636989 /* BaseScene */ = {
			isa = PBXGroup;
			children = (
				CE0D453E2A61AECD00636989 /* BaseFlowCoordinator.swift */,
			);
			path = BaseScene;
			sourceTree = "<group>";
		};
		CE1A6A6E2A62814C00FFE93D /* SimilarChef */ = {
			isa = PBXGroup;
			children = (
				CE1A6A6F2A62817300FFE93D /* View */,
				CE1A6A702A62817F00FFE93D /* ViewModel */,
			);
			path = SimilarChef;
			sourceTree = "<group>";
		};
		CE1A6A6F2A62817300FFE93D /* View */ = {
			isa = PBXGroup;
			children = (
				CE0D45402A626C3B00636989 /* SimilarChefCell.swift */,
				CE0D45412A626C3B00636989 /* SimilarChefCell.xib */,
				CE1A6A712A6281E200FFE93D /* ProfileView.swift */,
				CE1A6A732A6286CB00FFE93D /* SimilarChefProfileCell.swift */,
				CE1A6A742A6286CB00FFE93D /* SimilarChefProfileCell.xib */,
				CE1A6A772A6294DC00FFE93D /* TagListView.swift */,
			);
			path = View;
			sourceTree = "<group>";
		};
		CE1A6A702A62817F00FFE93D /* ViewModel */ = {
			isa = PBXGroup;
			children = (
				CE1A6A6C2A62716C00FFE93D /* SimilarChefViewModel.swift */,
			);
			path = ViewModel;
			sourceTree = "<group>";
		};
		CE1A6A792A62960A00FFE93D /* Common */ = {
			isa = PBXGroup;
			children = (
				FFDBC6742A8278AD0009189C /* Utils */,
				FF485D9B2A811D4B00E8B765 /* Network */,
				FF97932A2A72BF8C00A921A0 /* Manager */,
				FFB50C482A72B5160049B5E1 /* ShowAllContentsButton */,
				CE42BA632A6BAF3900EBB80A /* Popup */,
				CE42BA602A6B9D8000EBB80A /* Extensions */,
				CE1A6A7A2A62961D00FFE93D /* BaseView.swift */,
				FF5059B12A7E0B3100F90D27 /* Cancellable.swift */,
			);
			path = Common;
			sourceTree = "<group>";
		};
		CE1A6A7D2A62AD7100FFE93D /* HomeScene */ = {
			isa = PBXGroup;
			children = (
				CE1A6A7E2A62AD8400FFE93D /* ViewModel */,
			);
			path = HomeScene;
			sourceTree = "<group>";
		};
		CE1A6A7E2A62AD8400FFE93D /* ViewModel */ = {
			isa = PBXGroup;
			children = (
				CE1A6A902A62AECA00FFE93D /* SimilarChefViewModelTests.swift */,
			);
			path = ViewModel;
			sourceTree = "<group>";
		};
		CE1A6A862A62AE4D00FFE93D /* CheffiTests */ = {
			isa = PBXGroup;
			children = (
				CE1A6A7D2A62AD7100FFE93D /* HomeScene */,
			);
			path = CheffiTests;
			sourceTree = "<group>";
		};
		CE42BA602A6B9D8000EBB80A /* Extensions */ = {
			isa = PBXGroup;
			children = (
				D41E99312A6BB9A80085F5D0 /* UIView+Extensions.swift */,
				D43331A82A6D32AE00E6CB4B /* UICollectionView+Extensions.swift */,
				CE42BA612A6B9D8F00EBB80A /* UIColor+Extensions.swift */,
				CE42BA6A2A6BB48100EBB80A /* String+Extensions.swift */,
				CE42BA702A6BCF3A00EBB80A /* UIViewController+Extensions.swift */,
				FF97932D2A73C9D600A921A0 /* UserDefault+Ext.swift */,
				FF3197802A74D06600F5DD41 /* Int+Extensions.swift */,
				FFDBC6772A8280E20009189C /* UILabel+Extensions.swift */,
				FFDBC67B2A83B2ED0009189C /* UITextField+Extensions.swift */,
			);
			path = Extensions;
			sourceTree = "<group>";
		};
		CE42BA632A6BAF3900EBB80A /* Popup */ = {
			isa = PBXGroup;
			children = (
				CE42BA642A6BAF4500EBB80A /* PopupView.swift */,
				CE42BA662A6BAF5700EBB80A /* PopupView.xib */,
				CE42BA6C2A6BB98600EBB80A /* PopupViewController.swift */,
				CE42BA6E2A6BCAA300EBB80A /* Popup.storyboard */,
			);
			path = Popup;
			sourceTree = "<group>";
		};
		CE42BA752A6BD50D00EBB80A /* Search */ = {
			isa = PBXGroup;
			children = (
				CE42BA782A6BD52D00EBB80A /* SearchViewController.swift */,
				CE42BA7C2A6BD94E00EBB80A /* Search.storyboard */,
				CEABD7102A6BDE94001BC131 /* RecentSearchCell.swift */,
				CEABD7112A6BDE94001BC131 /* RecentSearchCell.xib */,
				CEABD7142A6BDEEE001BC131 /* RecommendSearchCell.swift */,
				CEABD7152A6BDEEE001BC131 /* RecommendSearchCell.xib */,
				CEABD7182A6BDF0A001BC131 /* TopPickCell.swift */,
				CEABD7192A6BDF0A001BC131 /* TopPickCell.xib */,
			);
			path = Search;
			sourceTree = "<group>";
		};
		CE70F89C2A63E77F003D0ED9 /* ViewModels */ = {
			isa = PBXGroup;
			children = (
				CE70F8862A63BFC8003D0ED9 /* HomeViewModel.swift */,
				CE42BA7A2A6BD56000EBB80A /* SearchViewModel.swift */,
				CEABD7232A6BFFC8001BC131 /* SimilarChefListViewModel.swift */,
			);
			path = ViewModels;
			sourceTree = "<group>";
		};
		CE70F89D2A63E7C0003D0ED9 /* Data */ = {
			isa = PBXGroup;
			children = (
				FF50598D2A7DFA5A00F90D27 /* Network */,
				CE70F89F2A63E7D4003D0ED9 /* Repositories */,
			);
			path = Data;
			sourceTree = "<group>";
		};
		CE70F89F2A63E7D4003D0ED9 /* Repositories */ = {
			isa = PBXGroup;
			children = (
				CE70F8982A63C692003D0ED9 /* DefaultSimilarChefRepository.swift */,
			);
			path = Repositories;
			sourceTree = "<group>";
		};
		CE70F8A02A63E7F5003D0ED9 /* Domain */ = {
			isa = PBXGroup;
			children = (
				CE70F8A12A63E802003D0ED9 /* Entities */,
				CE70F8A22A63E80A003D0ED9 /* Usecases */,
				CE70F8A32A63E811003D0ED9 /* Interfaces */,
			);
			path = Domain;
			sourceTree = "<group>";
		};
		CE70F8A12A63E802003D0ED9 /* Entities */ = {
			isa = PBXGroup;
			children = (
				CE70F8882A63BFEB003D0ED9 /* User.swift */,
				FF5059B62A7E0CF900F90D27 /* Tag.swift */,
				CEABD71C2A6BDFD5001BC131 /* Search.swift */,
				FF31977E2A74CEBC00F5DD41 /* Menu.swift */,
				FF3197842A74E70900F5DD41 /* Location.swift */,
			);
			path = Entities;
			sourceTree = "<group>";
		};
		CE70F8A22A63E80A003D0ED9 /* Usecases */ = {
			isa = PBXGroup;
			children = (
				CE70F8902A63C18C003D0ED9 /* FetchSimilarChefUseCase.swift */,
			);
			path = Usecases;
			sourceTree = "<group>";
		};
		CE70F8A32A63E811003D0ED9 /* Interfaces */ = {
			isa = PBXGroup;
			children = (
				CE70F8A42A63E818003D0ED9 /* Repositories */,
			);
			path = Interfaces;
			sourceTree = "<group>";
		};
		CE70F8A42A63E818003D0ED9 /* Repositories */ = {
			isa = PBXGroup;
			children = (
				CE70F88C2A63C0CC003D0ED9 /* SimilarChefRepository.swift */,
			);
			path = Repositories;
			sourceTree = "<group>";
		};
		CE70F8A92A642A6A003D0ED9 /* Resources */ = {
			isa = PBXGroup;
			children = (
				FFDBC64F2A8277890009189C /* Fonts */,
				D4E244C62A60FF5D004E0167 /* Info.plist */,
				D4E244C12A60FF5D004E0167 /* Assets.xcassets */,
			);
			path = Resources;
			sourceTree = "<group>";
		};
		CEABD71E2A6BFF65001BC131 /* SImilarChefList */ = {
			isa = PBXGroup;
			children = (
				CEABD71F2A6BFF8E001BC131 /* SimilarChefListViewController.swift */,
				CEABD7212A6BFF99001BC131 /* SimilarChefList.storyboard */,
			);
			path = SImilarChefList;
			sourceTree = "<group>";
		};
		D41B45E72A611836003EF1EC /* Application */ = {
			isa = PBXGroup;
			children = (
				D4E244B82A60FF5A004E0167 /* AppDelegate.swift */,
				D4E244BA2A60FF5A004E0167 /* SceneDelegate.swift */,
				FF5059962A7DFC7200F90D27 /* AppConfigurations.swift */,
				D41B45FC2A6126FD003EF1EC /* AppFlowCoordinator.swift */,
				D41B45E82A611859003EF1EC /* DIContainer */,
				D41B45FA2A612600003EF1EC /* Storyboarded.swift */,
			);
			path = Application;
			sourceTree = "<group>";
		};
		D41B45E82A611859003EF1EC /* DIContainer */ = {
			isa = PBXGroup;
			children = (
				D41B45FE2A61284D003EF1EC /* AppDIContainer.swift */,
				FF62A44F2A7FC2C60066073F /* LoginSceneDIContainer.swift */,
				D41B46022A61295D003EF1EC /* HomeSceneDIContainer.swift */,
				CE0D45182A617FC500636989 /* NationalTrendSceneDIContainer.swift */,
				CE0D45272A6195BC00636989 /* RestaurantRegistSceneDIContainer.swift */,
				CE0D45292A6195CA00636989 /* MyPageSceneDIContainer.swift */,
			);
			path = DIContainer;
			sourceTree = "<group>";
		};
		D41B45EA2A611875003EF1EC /* Presentation */ = {
			isa = PBXGroup;
			children = (
				CE0D453D2A61AEB100636989 /* BaseScene */,
				FF62A4452A7FC1090066073F /* LoginScene */,
				D41B45EE2A611936003EF1EC /* HomeScene */,
				CE0D451E2A6180AD00636989 /* NationalTrendScene */,
				CE0D452B2A61962C00636989 /* RestaurantRegistScene */,
				CE0D452C2A61963D00636989 /* MyPageScene */,
				D41B45F22A6119D1003EF1EC /* Utils */,
			);
			path = Presentation;
			sourceTree = "<group>";
		};
		D41B45ED2A61188B003EF1EC /* Infrastructure */ = {
			isa = PBXGroup;
			children = (
				D41B45F92A611A4E003EF1EC /* Network */,
			);
			path = Infrastructure;
			sourceTree = "<group>";
		};
		D41B45EE2A611936003EF1EC /* HomeScene */ = {
			isa = PBXGroup;
			children = (
				D41B45EF2A611958003EF1EC /* Flow */,
				CE70F89C2A63E77F003D0ED9 /* ViewModels */,
				D41B45F12A61196B003EF1EC /* Views */,
			);
			path = HomeScene;
			sourceTree = "<group>";
		};
		D41B45EF2A611958003EF1EC /* Flow */ = {
			isa = PBXGroup;
			children = (
				D41B46002A6128C1003EF1EC /* HomeFlowCoordinator.swift */,
			);
			path = Flow;
			sourceTree = "<group>";
		};
		D41B45F12A61196B003EF1EC /* Views */ = {
			isa = PBXGroup;
			children = (
				D4E244BC2A60FF5A004E0167 /* HomeViewController.swift */,
				D4E244BE2A60FF5A004E0167 /* Home.storyboard */,
				CE42BA752A6BD50D00EBB80A /* Search */,
				D4E24EDF2A64EF0E00F9A3B3 /* PopularRestaurant */,
				CE1A6A6E2A62814C00FFE93D /* SimilarChef */,
				D441C01C2A668FEC00063822 /* CheffiRecommendation */,
				CEABD71E2A6BFF65001BC131 /* SImilarChefList */,
				FF9793B32A74C40100A921A0 /* CheffiDetail */,
				D4F3CDAC2A6E422A00B52213 /* Common */,
			);
			path = Views;
			sourceTree = "<group>";
		};
		D41B45F22A6119D1003EF1EC /* Utils */ = {
			isa = PBXGroup;
			children = (
				D4E24EE02A64EFB900F9A3B3 /* Views */,
			);
			path = Utils;
			sourceTree = "<group>";
		};
		D41B45F92A611A4E003EF1EC /* Network */ = {
			isa = PBXGroup;
			children = (
				FF5059A02A7E017400F90D27 /* DataTransferService.swift */,
				FF50599A2A7DFF8300F90D27 /* NetworkService.swift */,
				FF50599E2A7E002800F90D27 /* Endpoint.swift */,
				FF50599C2A7DFFAF00F90D27 /* NetworkConfig.swift */,
			);
			path = Network;
			sourceTree = "<group>";
		};
		D441C01B2A668FDF00063822 /* View */ = {
			isa = PBXGroup;
			children = (
				D4E24EDB2A64E97A00F9A3B3 /* PopularRestaurantCell.swift */,
				D4E24EDD2A64EA7300F9A3B3 /* MainPopularRestaurantView.swift */,
			);
			path = View;
			sourceTree = "<group>";
		};
		D441C01C2A668FEC00063822 /* CheffiRecommendation */ = {
			isa = PBXGroup;
			children = (
				D441C0212A6696C800063822 /* View */,
			);
			path = CheffiRecommendation;
			sourceTree = "<group>";
		};
		D441C0212A6696C800063822 /* View */ = {
			isa = PBXGroup;
			children = (
				D441C01D2A6693E300063822 /* CheffiRecommendationCell.swift */,
				D441C01F2A66965400063822 /* CheffiRecommendationCatogoryPageView.swift */,
				D441C0222A66985C00063822 /* CheffiRecommendationCategoryPageCell.swift */,
				D41E992F2A6A65660085F5D0 /* CategoryTabView.swift */,
			);
			path = View;
			sourceTree = "<group>";
		};
		D4E244AC2A60FF5A004E0167 = {
			isa = PBXGroup;
			children = (
				D4E244B72A60FF5A004E0167 /* Cheffi */,
				CE1A6A862A62AE4D00FFE93D /* CheffiTests */,
				D4E244B62A60FF5A004E0167 /* Products */,
				65BDD68A3ABF29456FF37264 /* Pods */,
				D9B9B210488FFC9E099F948F /* Frameworks */,
			);
			sourceTree = "<group>";
		};
		D4E244B62A60FF5A004E0167 /* Products */ = {
			isa = PBXGroup;
			children = (
				D4E244B52A60FF5A004E0167 /* Cheffi.app */,
				CE1A6A852A62AE4D00FFE93D /* CheffiTests.xctest */,
			);
			name = Products;
			sourceTree = "<group>";
		};
		D4E244B72A60FF5A004E0167 /* Cheffi */ = {
			isa = PBXGroup;
			children = (
				D41B45E72A611836003EF1EC /* Application */,
				CE1A6A792A62960A00FFE93D /* Common */,
				D41B45EA2A611875003EF1EC /* Presentation */,
				CE70F8A02A63E7F5003D0ED9 /* Domain */,
				CE70F89D2A63E7C0003D0ED9 /* Data */,
				D41B45ED2A61188B003EF1EC /* Infrastructure */,
				CE70F8A92A642A6A003D0ED9 /* Resources */,
			);
			path = Cheffi;
			sourceTree = "<group>";
		};
		D4E24EDF2A64EF0E00F9A3B3 /* PopularRestaurant */ = {
			isa = PBXGroup;
			children = (
				D441C01B2A668FDF00063822 /* View */,
			);
			path = PopularRestaurant;
			sourceTree = "<group>";
		};
		D4E24EE02A64EFB900F9A3B3 /* Views */ = {
			isa = PBXGroup;
			children = (
			);
			path = Views;
			sourceTree = "<group>";
		};
		D4F3CDAC2A6E422A00B52213 /* Common */ = {
			isa = PBXGroup;
			children = (
				D4F3CDAD2A6E423700B52213 /* RestaurantContent */,
				FF5059BC2A7E3EF000F90D27 /* MoreViewController.swift */,
				FF5059BE2A7E3F2200F90D27 /* More.storyboard */,
			);
			path = Common;
			sourceTree = "<group>";
		};
		D4F3CDAD2A6E423700B52213 /* RestaurantContent */ = {
			isa = PBXGroup;
			children = (
				D49B59292A652A35003C108E /* PopularRestaurantContentsView.swift */,
				D49B592B2A653454003C108E /* RestaurantContentCell.swift */,
				D49B59272A652330003C108E /* RestaurantContentView.swift */,
				D4E24EE12A64F02E00F9A3B3 /* ContentTimeLockBubbleView.swift */,
			);
			path = RestaurantContent;
			sourceTree = "<group>";
		};
		D9B9B210488FFC9E099F948F /* Frameworks */ = {
			isa = PBXGroup;
			children = (
				4FFE5AB9FA75B3E04B6128B0 /* Pods_Cheffi.framework */,
			);
			name = Frameworks;
			sourceTree = "<group>";
		};
		FF3197712A74C8E900F5DD41 /* Views */ = {
			isa = PBXGroup;
			children = (
				FF31977A2A74CC5C00F5DD41 /* CheffiMenuItemView.swift */,
				FF3197722A74C8F800F5DD41 /* CheffiMenuView.swift */,
				FF3197782A74CA9E00F5DD41 /* CheffiMenuView.xib */,
				FF3197742A74C90200F5DD41 /* CheffiLocationView.swift */,
				FF3197822A74E51100F5DD41 /* CheffiLocationView.xib */,
				FF3197762A74C90E00F5DD41 /* CheffiReviewView.swift */,
				FF3197862A74E8C700F5DD41 /* CheffiReviewView.xib */,
				FF5059B82A7E357C00F90D27 /* CheffiWriterView.swift */,
				FF5059BA2A7E35C200F90D27 /* CheffiWriterView.xib */,
				FF338AF52A77EB4B00FCCE00 /* CheffiContensViewImageCell.swift */,
				FF338AF62A77EB4B00FCCE00 /* CheffiContensViewImageCell.xib */,
				FF338AF12A77E40200FCCE00 /* CheffiContensView.swift */,
				FF338AF32A77E46800FCCE00 /* CheffiContensView.xib */,
			);
			path = Views;
			sourceTree = "<group>";
		};
		FF485D9B2A811D4B00E8B765 /* Network */ = {
			isa = PBXGroup;
			children = (
				FF485D9C2A811D4B00E8B765 /* ConnectionError.swift */,
			);
			path = Network;
			sourceTree = "<group>";
		};
		FF50598D2A7DFA5A00F90D27 /* Network */ = {
			isa = PBXGroup;
			children = (
				FF5059A52A7E08DE00F90D27 /* HomeAPIEndpoints.swift */,
				FF5059A22A7E055F00F90D27 /* DataMapping */,
			);
			path = Network;
			sourceTree = "<group>";
		};
		FF5059A22A7E055F00F90D27 /* DataMapping */ = {
			isa = PBXGroup;
			children = (
				FF5059A72A7E092E00F90D27 /* Home */,
			);
			path = DataMapping;
			sourceTree = "<group>";
		};
		FF5059A72A7E092E00F90D27 /* Home */ = {
			isa = PBXGroup;
			children = (
				FF5059A82A7E093D00F90D27 /* UserInfoDTO.swift */,
				FF5059A32A7E058400F90D27 /* TagResponseDTO.swift */,
			);
			path = Home;
			sourceTree = "<group>";
		};
		FF5059C02A7E8E2E00F90D27 /* ViewModel */ = {
			isa = PBXGroup;
			children = (
				FF5059C12A7E8E4000F90D27 /* CheffiReviewViewModel.swift */,
			);
			path = ViewModel;
			sourceTree = "<group>";
		};
		FF62A4452A7FC1090066073F /* LoginScene */ = {
			isa = PBXGroup;
			children = (
				FF62A4462A7FC1180066073F /* Flow */,
				FF62A4472A7FC11E0066073F /* ViewModels */,
				FF62A4482A7FC1250066073F /* Views */,
			);
			path = LoginScene;
			sourceTree = "<group>";
		};
		FF62A4462A7FC1180066073F /* Flow */ = {
			isa = PBXGroup;
			children = (
				FF62A4492A7FC17F0066073F /* LoginSceneFlowCoordinator.swift */,
			);
			path = Flow;
			sourceTree = "<group>";
		};
		FF62A4472A7FC11E0066073F /* ViewModels */ = {
			isa = PBXGroup;
			children = (
				FF62A4512A7FC3FD0066073F /* SNSLoginViewModel.swift */,
				FFEC55272A812F0A00C2C4D9 /* ProfileSetupViewModel.swift */,
				FFDBC6792A83AD760009189C /* NicknameVIewModel.swift */,
			);
			path = ViewModels;
			sourceTree = "<group>";
		};
		FF62A4482A7FC1250066073F /* Views */ = {
			isa = PBXGroup;
			children = (
				FFDBC64A2A813C8D0009189C /* Common */,
				FF62A44B2A7FC1C10066073F /* SNSLoginViewController.swift */,
				FF62A44D2A7FC1CC0066073F /* SNSLogin.storyboard */,
				FFFD94E62A8122A1001475AF /* ProfileSetupViewController.swift */,
				FFFD94E82A812360001475AF /* ProfileSetup.storyboard */,
				FFDBC6362A81380D0009189C /* NicknameViewController.swift */,
				FFDBC6402A8139260009189C /* Nickname.storyboard */,
				FFDBC6382A8138150009189C /* ProfilePhotoViewController.swift */,
				FFDBC6422A8139350009189C /* ProfilePhoto.storyboard */,
				FFDBC63A2A81381E0009189C /* FoodSelectionViewController.swift */,
				FFDBC6442A8139410009189C /* FoodSelection.storyboard */,
				FFDBC63C2A8138330009189C /* PreferenceViewController.swift */,
				FFDBC6462A8139500009189C /* Preference.storyboard */,
				FFDBC63E2A81383A0009189C /* FollowSelectionViewController.swift */,
				FFDBC6482A81395D0009189C /* FollowSelection.storyboard */,
			);
			path = Views;
			sourceTree = "<group>";
		};
		FF97932A2A72BF8C00A921A0 /* Manager */ = {
			isa = PBXGroup;
			children = (
				CE42BA722A6BD1AE00EBB80A /* UserDefaultsManager.swift */,
				FF97932B2A72BF9900A921A0 /* AccountManager.swift */,
			);
			path = Manager;
			sourceTree = "<group>";
		};
		FF9793B32A74C40100A921A0 /* CheffiDetail */ = {
			isa = PBXGroup;
			children = (
				FF5059C02A7E8E2E00F90D27 /* ViewModel */,
				FF3197712A74C8E900F5DD41 /* Views */,
				FF9793B42A74C47100A921A0 /* CheffiDetailViewController.swift */,
				FF9793B62A74C53200A921A0 /* CheffiDetail.storyboard */,
			);
			path = CheffiDetail;
			sourceTree = "<group>";
		};
		FFB50C482A72B5160049B5E1 /* ShowAllContentsButton */ = {
			isa = PBXGroup;
			children = (
				FFB50C492A72B5A80049B5E1 /* ShowAllContentsButton.swift */,
				FFB50C4B2A72B6750049B5E1 /* ShowAllContentsButton.xib */,
			);
			path = ShowAllContentsButton;
			sourceTree = "<group>";
		};
		FFDBC64A2A813C8D0009189C /* Common */ = {
			isa = PBXGroup;
			children = (
				FFDBC64B2A813CC40009189C /* CustomProfileButton.swift */,
				FFDBC64D2A813DE60009189C /* CustomProfileButton.xib */,
			);
			path = Common;
			sourceTree = "<group>";
		};
		FFDBC64F2A8277890009189C /* Fonts */ = {
			isa = PBXGroup;
			children = (
				FFDBC6682A8277C90009189C /* SUIT-Bold.otf */,
				FFDBC6662A8277C90009189C /* SUIT-ExtraBold.otf */,
				FFDBC6632A8277C90009189C /* SUIT-ExtraLight.otf */,
				FFDBC6622A8277C90009189C /* SUIT-Heavy.otf */,
				FFDBC6652A8277C90009189C /* SUIT-Light.otf */,
				FFDBC6692A8277C90009189C /* SUIT-Medium.otf */,
				FFDBC6642A8277C90009189C /* SUIT-Regular.otf */,
				FFDBC6672A8277C90009189C /* SUIT-SemiBold.otf */,
				FFDBC66A2A8277C90009189C /* SUIT-Thin.otf */,
			);
			path = Fonts;
			sourceTree = "<group>";
		};
		FFDBC6742A8278AD0009189C /* Utils */ = {
			isa = PBXGroup;
			children = (
				FFDBC6752A8278B50009189C /* Fonts.swift */,
			);
			path = Utils;
			sourceTree = "<group>";
		};
/* End PBXGroup section */

/* Begin PBXNativeTarget section */
		CE1A6A842A62AE4D00FFE93D /* CheffiTests */ = {
			isa = PBXNativeTarget;
			buildConfigurationList = CE1A6A8B2A62AE4D00FFE93D /* Build configuration list for PBXNativeTarget "CheffiTests" */;
			buildPhases = (
				CE1A6A812A62AE4D00FFE93D /* Sources */,
				CE1A6A822A62AE4D00FFE93D /* Frameworks */,
				CE1A6A832A62AE4D00FFE93D /* Resources */,
			);
			buildRules = (
			);
			dependencies = (
				CE1A6A8A2A62AE4D00FFE93D /* PBXTargetDependency */,
			);
			name = CheffiTests;
			productName = CheffiTests;
			productReference = CE1A6A852A62AE4D00FFE93D /* CheffiTests.xctest */;
			productType = "com.apple.product-type.bundle.unit-test";
		};
		D4E244B42A60FF5A004E0167 /* Cheffi */ = {
			isa = PBXNativeTarget;
			buildConfigurationList = D4E244C92A60FF5D004E0167 /* Build configuration list for PBXNativeTarget "Cheffi" */;
			buildPhases = (
				E050D863C27B2C9E1B4B0C52 /* [CP] Check Pods Manifest.lock */,
				D4E244B12A60FF5A004E0167 /* Sources */,
				D4E244B22A60FF5A004E0167 /* Frameworks */,
				D4E244B32A60FF5A004E0167 /* Resources */,
				97F70CD3123195456B7B2920 /* [CP] Embed Pods Frameworks */,
			);
			buildRules = (
			);
			dependencies = (
			);
			name = Cheffi;
			packageProductDependencies = (
				CE0D45162A61712400636989 /* SwifterSwift */,
				FF9793B12A74C22800A921A0 /* PanModal */,
				FF5059782A79513300F90D27 /* KakaoSDK */,
			);
			productName = Cheffi;
			productReference = D4E244B52A60FF5A004E0167 /* Cheffi.app */;
			productType = "com.apple.product-type.application";
		};
/* End PBXNativeTarget section */

/* Begin PBXProject section */
		D4E244AD2A60FF5A004E0167 /* Project object */ = {
			isa = PBXProject;
			attributes = {
				BuildIndependentTargetsInParallel = 1;
				LastSwiftUpdateCheck = 1430;
				LastUpgradeCheck = 1420;
				TargetAttributes = {
					CE1A6A842A62AE4D00FFE93D = {
						CreatedOnToolsVersion = 14.3.1;
						TestTargetID = D4E244B42A60FF5A004E0167;
					};
					D4E244B42A60FF5A004E0167 = {
						CreatedOnToolsVersion = 14.2;
					};
				};
			};
			buildConfigurationList = D4E244B02A60FF5A004E0167 /* Build configuration list for PBXProject "Cheffi" */;
			compatibilityVersion = "Xcode 13.0";
			developmentRegion = en;
			hasScannedForEncodings = 0;
			knownRegions = (
				en,
				Base,
			);
			mainGroup = D4E244AC2A60FF5A004E0167;
			packageReferences = (
				CE0D45152A61712400636989 /* XCRemoteSwiftPackageReference "SwifterSwift" */,
				FF9793B02A74C22800A921A0 /* XCRemoteSwiftPackageReference "PanModal" */,
				FF5059772A79513300F90D27 /* XCRemoteSwiftPackageReference "kakao-ios-sdk" */,
			);
			productRefGroup = D4E244B62A60FF5A004E0167 /* Products */;
			projectDirPath = "";
			projectRoot = "";
			targets = (
				D4E244B42A60FF5A004E0167 /* Cheffi */,
				CE1A6A842A62AE4D00FFE93D /* CheffiTests */,
			);
		};
/* End PBXProject section */

/* Begin PBXResourcesBuildPhase section */
		CE1A6A832A62AE4D00FFE93D /* Resources */ = {
			isa = PBXResourcesBuildPhase;
			buildActionMask = 2147483647;
			files = (
			);
			runOnlyForDeploymentPostprocessing = 0;
		};
		D4E244B32A60FF5A004E0167 /* Resources */ = {
			isa = PBXResourcesBuildPhase;
			buildActionMask = 2147483647;
			files = (
				FFDBC6492A81395D0009189C /* FollowSelection.storyboard in Resources */,
				FFDBC6712A8277C90009189C /* SUIT-Bold.otf in Resources */,
				FFFD94E92A812360001475AF /* ProfileSetup.storyboard in Resources */,
				FFDBC6432A8139350009189C /* ProfilePhoto.storyboard in Resources */,
				FF5059BB2A7E35C200F90D27 /* CheffiWriterView.xib in Resources */,
				CE42BA6F2A6BCAA300EBB80A /* Popup.storyboard in Resources */,
				FFDBC6722A8277C90009189C /* SUIT-Medium.otf in Resources */,
				CE1A6A762A6286CB00FFE93D /* SimilarChefProfileCell.xib in Resources */,
				FFDBC66E2A8277C90009189C /* SUIT-Light.otf in Resources */,
				FFDBC6412A8139260009189C /* Nickname.storyboard in Resources */,
				D4E244C22A60FF5D004E0167 /* Assets.xcassets in Resources */,
				FF338AF82A77EB4B00FCCE00 /* CheffiContensViewImageCell.xib in Resources */,
				CE0D453A2A61AA7700636989 /* MyPage.storyboard in Resources */,
				FF338AF42A77E46800FCCE00 /* CheffiContensView.xib in Resources */,
				CEABD7222A6BFF99001BC131 /* SimilarChefList.storyboard in Resources */,
				CE42BA7D2A6BD94E00EBB80A /* Search.storyboard in Resources */,
				FF9793B72A74C53200A921A0 /* CheffiDetail.storyboard in Resources */,
				FFDBC6732A8277C90009189C /* SUIT-Thin.otf in Resources */,
				CE0D45342A61968200636989 /* RestaurantRegist.storyboard in Resources */,
				FF5059BF2A7E3F2200F90D27 /* More.storyboard in Resources */,
				FFDBC64E2A813DE60009189C /* CustomProfileButton.xib in Resources */,
				FF62A44E2A7FC1CC0066073F /* SNSLogin.storyboard in Resources */,
				CEABD7132A6BDE94001BC131 /* RecentSearchCell.xib in Resources */,
				FF3197872A74E8C700F5DD41 /* CheffiReviewView.xib in Resources */,
				FFDBC66B2A8277C90009189C /* SUIT-Heavy.otf in Resources */,
				FFDBC66D2A8277C90009189C /* SUIT-Regular.otf in Resources */,
				FFDBC6472A8139500009189C /* Preference.storyboard in Resources */,
				CE0D45432A626C3B00636989 /* SimilarChefCell.xib in Resources */,
				FFB50C4C2A72B6750049B5E1 /* ShowAllContentsButton.xib in Resources */,
				CEABD71B2A6BDF0A001BC131 /* TopPickCell.xib in Resources */,
				FFDBC6702A8277C90009189C /* SUIT-SemiBold.otf in Resources */,
				CEABD7172A6BDEEE001BC131 /* RecommendSearchCell.xib in Resources */,
				FFDBC66F2A8277C90009189C /* SUIT-ExtraBold.otf in Resources */,
				CE42BA672A6BAF5700EBB80A /* PopupView.xib in Resources */,
				FF3197792A74CA9E00F5DD41 /* CheffiMenuView.xib in Resources */,
				CE0D45262A618F8700636989 /* NationalTrend.storyboard in Resources */,
				FFDBC6452A8139410009189C /* FoodSelection.storyboard in Resources */,
				FF3197832A74E51100F5DD41 /* CheffiLocationView.xib in Resources */,
				FFDBC66C2A8277C90009189C /* SUIT-ExtraLight.otf in Resources */,
				D4E244C02A60FF5A004E0167 /* Home.storyboard in Resources */,
			);
			runOnlyForDeploymentPostprocessing = 0;
		};
/* End PBXResourcesBuildPhase section */

/* Begin PBXShellScriptBuildPhase section */
		97F70CD3123195456B7B2920 /* [CP] Embed Pods Frameworks */ = {
			isa = PBXShellScriptBuildPhase;
			buildActionMask = 2147483647;
			files = (
			);
			inputFileListPaths = (
				"${PODS_ROOT}/Target Support Files/Pods-Cheffi/Pods-Cheffi-frameworks-${CONFIGURATION}-input-files.xcfilelist",
			);
			name = "[CP] Embed Pods Frameworks";
			outputFileListPaths = (
				"${PODS_ROOT}/Target Support Files/Pods-Cheffi/Pods-Cheffi-frameworks-${CONFIGURATION}-output-files.xcfilelist",
			);
			runOnlyForDeploymentPostprocessing = 0;
			shellPath = /bin/sh;
			shellScript = "\"${PODS_ROOT}/Target Support Files/Pods-Cheffi/Pods-Cheffi-frameworks.sh\"\n";
			showEnvVarsInLog = 0;
		};
		E050D863C27B2C9E1B4B0C52 /* [CP] Check Pods Manifest.lock */ = {
			isa = PBXShellScriptBuildPhase;
			buildActionMask = 2147483647;
			files = (
			);
			inputFileListPaths = (
			);
			inputPaths = (
				"${PODS_PODFILE_DIR_PATH}/Podfile.lock",
				"${PODS_ROOT}/Manifest.lock",
			);
			name = "[CP] Check Pods Manifest.lock";
			outputFileListPaths = (
			);
			outputPaths = (
				"$(DERIVED_FILE_DIR)/Pods-Cheffi-checkManifestLockResult.txt",
			);
			runOnlyForDeploymentPostprocessing = 0;
			shellPath = /bin/sh;
			shellScript = "diff \"${PODS_PODFILE_DIR_PATH}/Podfile.lock\" \"${PODS_ROOT}/Manifest.lock\" > /dev/null\nif [ $? != 0 ] ; then\n    # print error to STDERR\n    echo \"error: The sandbox is not in sync with the Podfile.lock. Run 'pod install' or update your CocoaPods installation.\" >&2\n    exit 1\nfi\n# This output is used by Xcode 'outputs' to avoid re-running this script phase.\necho \"SUCCESS\" > \"${SCRIPT_OUTPUT_FILE_0}\"\n";
			showEnvVarsInLog = 0;
		};
/* End PBXShellScriptBuildPhase section */

/* Begin PBXSourcesBuildPhase section */
		CE1A6A812A62AE4D00FFE93D /* Sources */ = {
			isa = PBXSourcesBuildPhase;
			buildActionMask = 2147483647;
			files = (
				CE1A6A912A62AECA00FFE93D /* SimilarChefViewModelTests.swift in Sources */,
			);
			runOnlyForDeploymentPostprocessing = 0;
		};
		D4E244B12A60FF5A004E0167 /* Sources */ = {
			isa = PBXSourcesBuildPhase;
			buildActionMask = 2147483647;
			files = (
				FFDBC6392A8138150009189C /* ProfilePhotoViewController.swift in Sources */,
				CEABD7122A6BDE94001BC131 /* RecentSearchCell.swift in Sources */,
				CE70F8892A63BFEB003D0ED9 /* User.swift in Sources */,
				CEABD7242A6BFFC8001BC131 /* SimilarChefListViewModel.swift in Sources */,
				CE42BA6B2A6BB48100EBB80A /* String+Extensions.swift in Sources */,
				FF338AF72A77EB4B00FCCE00 /* CheffiContensViewImageCell.swift in Sources */,
				CE1A6A6D2A62716C00FFE93D /* SimilarChefViewModel.swift in Sources */,
				CE70F8912A63C18C003D0ED9 /* FetchSimilarChefUseCase.swift in Sources */,
				CE0D45422A626C3B00636989 /* SimilarChefCell.swift in Sources */,
				FF3197772A74C90E00F5DD41 /* CheffiReviewView.swift in Sources */,
				FF5059A62A7E08DE00F90D27 /* HomeAPIEndpoints.swift in Sources */,
				CE0D453C2A61AAD700636989 /* MyPageFlowCoodinator.swift in Sources */,
				FFDBC6782A8280E20009189C /* UILabel+Extensions.swift in Sources */,
				FF50599F2A7E002800F90D27 /* Endpoint.swift in Sources */,
				CE70F8872A63BFC8003D0ED9 /* HomeViewModel.swift in Sources */,
				FFDBC64C2A813CC40009189C /* CustomProfileButton.swift in Sources */,
				CE0D45212A618E5700636989 /* NationalTrendFlowCoordinator.swift in Sources */,
				FF5059B22A7E0B3100F90D27 /* Cancellable.swift in Sources */,
				CE42BA712A6BCF3A00EBB80A /* UIViewController+Extensions.swift in Sources */,
				FF5059BD2A7E3EF000F90D27 /* MoreViewController.swift in Sources */,
				FF31977B2A74CC5C00F5DD41 /* CheffiMenuItemView.swift in Sources */,
				CEABD71D2A6BDFD5001BC131 /* Search.swift in Sources */,
				CE42BA622A6B9D8F00EBB80A /* UIColor+Extensions.swift in Sources */,
				D4E244BD2A60FF5A004E0167 /* HomeViewController.swift in Sources */,
				FF97932C2A72BF9900A921A0 /* AccountManager.swift in Sources */,
				FFDBC6372A81380D0009189C /* NicknameViewController.swift in Sources */,
				D49B592C2A653454003C108E /* RestaurantContentCell.swift in Sources */,
				D49B592A2A652A35003C108E /* PopularRestaurantContentsView.swift in Sources */,
				D4E244B92A60FF5A004E0167 /* AppDelegate.swift in Sources */,
				CEABD7202A6BFF8E001BC131 /* SimilarChefListViewController.swift in Sources */,
				D41B45FF2A61284D003EF1EC /* AppDIContainer.swift in Sources */,
				CE42BA732A6BD1AE00EBB80A /* UserDefaultsManager.swift in Sources */,
				FF485D9D2A811D4B00E8B765 /* ConnectionError.swift in Sources */,
				FF50599B2A7DFF8300F90D27 /* NetworkService.swift in Sources */,
				CE0D45242A618F0C00636989 /* NationalTrendViewController.swift in Sources */,
				FFDBC67C2A83B2ED0009189C /* UITextField+Extensions.swift in Sources */,
				CE70F88D2A63C0CC003D0ED9 /* SimilarChefRepository.swift in Sources */,
				D49B59282A652330003C108E /* RestaurantContentView.swift in Sources */,
				FFDBC6762A8278B50009189C /* Fonts.swift in Sources */,
				D41B45FD2A6126FD003EF1EC /* AppFlowCoordinator.swift in Sources */,
				FF62A44C2A7FC1C10066073F /* SNSLoginViewController.swift in Sources */,
				CE0D453F2A61AECD00636989 /* BaseFlowCoordinator.swift in Sources */,
				D41E99302A6A65660085F5D0 /* CategoryTabView.swift in Sources */,
				D4E24EDE2A64EA7300F9A3B3 /* MainPopularRestaurantView.swift in Sources */,
				FF5059A92A7E093D00F90D27 /* UserInfoDTO.swift in Sources */,
				FF5059B72A7E0CF900F90D27 /* Tag.swift in Sources */,
				FF9793B52A74C47100A921A0 /* CheffiDetailViewController.swift in Sources */,
				FF62A44A2A7FC17F0066073F /* LoginSceneFlowCoordinator.swift in Sources */,
				D41B46032A61295D003EF1EC /* HomeSceneDIContainer.swift in Sources */,
				CE1A6A752A6286CB00FFE93D /* SimilarChefProfileCell.swift in Sources */,
				FF5059C22A7E8E4000F90D27 /* CheffiReviewViewModel.swift in Sources */,
				D441C0232A66985C00063822 /* CheffiRecommendationCategoryPageCell.swift in Sources */,
				FF3197852A74E70900F5DD41 /* Location.swift in Sources */,
				D43331A92A6D32AE00E6CB4B /* UICollectionView+Extensions.swift in Sources */,
				D41E99322A6BB9A80085F5D0 /* UIView+Extensions.swift in Sources */,
				FFDBC67A2A83AD760009189C /* NicknameVIewModel.swift in Sources */,
				CE0D45382A61AA5A00636989 /* MyPageViewController.swift in Sources */,
				CE0D452A2A6195CA00636989 /* MyPageSceneDIContainer.swift in Sources */,
				FF5059A42A7E058400F90D27 /* TagResponseDTO.swift in Sources */,
				CE0D45362A61975100636989 /* RestaurantRegistFlowCoodinator.swift in Sources */,
				FF3197752A74C90200F5DD41 /* CheffiLocationView.swift in Sources */,
				FF62A4522A7FC3FD0066073F /* SNSLoginViewModel.swift in Sources */,
				FFDBC63B2A81381E0009189C /* FoodSelectionViewController.swift in Sources */,
				D4E24EE22A64F02E00F9A3B3 /* ContentTimeLockBubbleView.swift in Sources */,
				D441C0202A66965400063822 /* CheffiRecommendationCatogoryPageView.swift in Sources */,
				CE1A6A7B2A62961D00FFE93D /* BaseView.swift in Sources */,
				D4E244BB2A60FF5A004E0167 /* SceneDelegate.swift in Sources */,
				FF338AF22A77E40200FCCE00 /* CheffiContensView.swift in Sources */,
				FF3197812A74D06600F5DD41 /* Int+Extensions.swift in Sources */,
				FF62A4502A7FC2C60066073F /* LoginSceneDIContainer.swift in Sources */,
				FF97932E2A73C9D600A921A0 /* UserDefault+Ext.swift in Sources */,
				FFDBC63F2A81383A0009189C /* FollowSelectionViewController.swift in Sources */,
				CE0D45322A61967700636989 /* RestaurantRegistViewController.swift in Sources */,
				CE42BA7B2A6BD56000EBB80A /* SearchViewModel.swift in Sources */,
				D4E24EDC2A64E97A00F9A3B3 /* PopularRestaurantCell.swift in Sources */,
				FF5059A12A7E017400F90D27 /* DataTransferService.swift in Sources */,
				D41B45FB2A612600003EF1EC /* Storyboarded.swift in Sources */,
				FFEC55282A812F0A00C2C4D9 /* ProfileSetupViewModel.swift in Sources */,
				CEABD7162A6BDEEE001BC131 /* RecommendSearchCell.swift in Sources */,
				CE0D45282A6195BD00636989 /* RestaurantRegistSceneDIContainer.swift in Sources */,
				CE42BA652A6BAF4500EBB80A /* PopupView.swift in Sources */,
				FF5059B92A7E357C00F90D27 /* CheffiWriterView.swift in Sources */,
				D41B46012A6128C1003EF1EC /* HomeFlowCoordinator.swift in Sources */,
				CE42BA792A6BD52D00EBB80A /* SearchViewController.swift in Sources */,
				CE70F8992A63C692003D0ED9 /* DefaultSimilarChefRepository.swift in Sources */,
				FFDBC63D2A8138330009189C /* PreferenceViewController.swift in Sources */,
				FF3197732A74C8F800F5DD41 /* CheffiMenuView.swift in Sources */,
				CE1A6A782A6294DC00FFE93D /* TagListView.swift in Sources */,
				CE1A6A722A6281E200FFE93D /* ProfileView.swift in Sources */,
				FF31977F2A74CEBC00F5DD41 /* Menu.swift in Sources */,
				D441C01E2A6693E300063822 /* CheffiRecommendationCell.swift in Sources */,
				CE0D45192A617FC500636989 /* NationalTrendSceneDIContainer.swift in Sources */,
				FF50599D2A7DFFAF00F90D27 /* NetworkConfig.swift in Sources */,
				CEABD71A2A6BDF0A001BC131 /* TopPickCell.swift in Sources */,
				FFB50C4A2A72B5A80049B5E1 /* ShowAllContentsButton.swift in Sources */,
				FF5059972A7DFC7200F90D27 /* AppConfigurations.swift in Sources */,
				CE42BA6D2A6BB98600EBB80A /* PopupViewController.swift in Sources */,
				FFFD94E72A8122A1001475AF /* ProfileSetupViewController.swift in Sources */,
			);
			runOnlyForDeploymentPostprocessing = 0;
		};
/* End PBXSourcesBuildPhase section */

/* Begin PBXTargetDependency section */
		CE1A6A8A2A62AE4D00FFE93D /* PBXTargetDependency */ = {
			isa = PBXTargetDependency;
			target = D4E244B42A60FF5A004E0167 /* Cheffi */;
			targetProxy = CE1A6A892A62AE4D00FFE93D /* PBXContainerItemProxy */;
		};
/* End PBXTargetDependency section */

/* Begin PBXVariantGroup section */
		D4E244BE2A60FF5A004E0167 /* Home.storyboard */ = {
			isa = PBXVariantGroup;
			children = (
				D4E244BF2A60FF5A004E0167 /* Base */,
			);
			name = Home.storyboard;
			sourceTree = "<group>";
		};
/* End PBXVariantGroup section */

/* Begin XCBuildConfiguration section */
		CE1A6A8C2A62AE4D00FFE93D /* Debug */ = {
			isa = XCBuildConfiguration;
			buildSettings = {
				BUNDLE_LOADER = "$(TEST_HOST)";
				CODE_SIGN_STYLE = Automatic;
				CURRENT_PROJECT_VERSION = 1;
				DEVELOPMENT_TEAM = 3D2GFZ7CZT;
				GENERATE_INFOPLIST_FILE = YES;
				IPHONEOS_DEPLOYMENT_TARGET = 16.4;
				MARKETING_VERSION = 1.0;
				PRODUCT_BUNDLE_IDENTIFIER = com.sseoju.CheffiTests;
				PRODUCT_NAME = "$(TARGET_NAME)";
				SWIFT_EMIT_LOC_STRINGS = NO;
				SWIFT_VERSION = 5.0;
				TARGETED_DEVICE_FAMILY = "1,2";
				TEST_HOST = "$(BUILT_PRODUCTS_DIR)/Cheffi.app/$(BUNDLE_EXECUTABLE_FOLDER_PATH)/Cheffi";
			};
			name = Debug;
		};
		CE1A6A8D2A62AE4D00FFE93D /* Release */ = {
			isa = XCBuildConfiguration;
			buildSettings = {
				BUNDLE_LOADER = "$(TEST_HOST)";
				CODE_SIGN_STYLE = Automatic;
				CURRENT_PROJECT_VERSION = 1;
				DEVELOPMENT_TEAM = 3D2GFZ7CZT;
				GENERATE_INFOPLIST_FILE = YES;
				IPHONEOS_DEPLOYMENT_TARGET = 16.4;
				MARKETING_VERSION = 1.0;
				PRODUCT_BUNDLE_IDENTIFIER = com.sseoju.CheffiTests;
				PRODUCT_NAME = "$(TARGET_NAME)";
				SWIFT_EMIT_LOC_STRINGS = NO;
				SWIFT_VERSION = 5.0;
				TARGETED_DEVICE_FAMILY = "1,2";
				TEST_HOST = "$(BUILT_PRODUCTS_DIR)/Cheffi.app/$(BUNDLE_EXECUTABLE_FOLDER_PATH)/Cheffi";
			};
			name = Release;
		};
		D4E244C72A60FF5D004E0167 /* Debug */ = {
			isa = XCBuildConfiguration;
			buildSettings = {
				ALWAYS_SEARCH_USER_PATHS = NO;
				API_BASE_URL = "http://www.google.com";
				CLANG_ANALYZER_NONNULL = YES;
				CLANG_ANALYZER_NUMBER_OBJECT_CONVERSION = YES_AGGRESSIVE;
				CLANG_CXX_LANGUAGE_STANDARD = "gnu++20";
				CLANG_ENABLE_MODULES = YES;
				CLANG_ENABLE_OBJC_ARC = YES;
				CLANG_ENABLE_OBJC_WEAK = YES;
				CLANG_WARN_BLOCK_CAPTURE_AUTORELEASING = YES;
				CLANG_WARN_BOOL_CONVERSION = YES;
				CLANG_WARN_COMMA = YES;
				CLANG_WARN_CONSTANT_CONVERSION = YES;
				CLANG_WARN_DEPRECATED_OBJC_IMPLEMENTATIONS = YES;
				CLANG_WARN_DIRECT_OBJC_ISA_USAGE = YES_ERROR;
				CLANG_WARN_DOCUMENTATION_COMMENTS = YES;
				CLANG_WARN_EMPTY_BODY = YES;
				CLANG_WARN_ENUM_CONVERSION = YES;
				CLANG_WARN_INFINITE_RECURSION = YES;
				CLANG_WARN_INT_CONVERSION = YES;
				CLANG_WARN_NON_LITERAL_NULL_CONVERSION = YES;
				CLANG_WARN_OBJC_IMPLICIT_RETAIN_SELF = YES;
				CLANG_WARN_OBJC_LITERAL_CONVERSION = YES;
				CLANG_WARN_OBJC_ROOT_CLASS = YES_ERROR;
				CLANG_WARN_QUOTED_INCLUDE_IN_FRAMEWORK_HEADER = YES;
				CLANG_WARN_RANGE_LOOP_ANALYSIS = YES;
				CLANG_WARN_STRICT_PROTOTYPES = YES;
				CLANG_WARN_SUSPICIOUS_MOVE = YES;
				CLANG_WARN_UNGUARDED_AVAILABILITY = YES_AGGRESSIVE;
				CLANG_WARN_UNREACHABLE_CODE = YES;
				CLANG_WARN__DUPLICATE_METHOD_MATCH = YES;
				COPY_PHASE_STRIP = NO;
				DEBUG_INFORMATION_FORMAT = dwarf;
				ENABLE_STRICT_OBJC_MSGSEND = YES;
				ENABLE_TESTABILITY = YES;
				GCC_C_LANGUAGE_STANDARD = gnu11;
				GCC_DYNAMIC_NO_PIC = NO;
				GCC_NO_COMMON_BLOCKS = YES;
				GCC_OPTIMIZATION_LEVEL = 0;
				GCC_PREPROCESSOR_DEFINITIONS = (
					"DEBUG=1",
					"$(inherited)",
				);
				GCC_WARN_64_TO_32_BIT_CONVERSION = YES;
				GCC_WARN_ABOUT_RETURN_TYPE = YES_ERROR;
				GCC_WARN_UNDECLARED_SELECTOR = YES;
				GCC_WARN_UNINITIALIZED_AUTOS = YES_AGGRESSIVE;
				GCC_WARN_UNUSED_FUNCTION = YES;
				GCC_WARN_UNUSED_VARIABLE = YES;
				IPHONEOS_DEPLOYMENT_TARGET = 16.2;
				MTL_ENABLE_DEBUG_INFO = INCLUDE_SOURCE;
				MTL_FAST_MATH = YES;
				ONLY_ACTIVE_ARCH = YES;
				SDKROOT = iphoneos;
				SWIFT_ACTIVE_COMPILATION_CONDITIONS = DEBUG;
				SWIFT_OPTIMIZATION_LEVEL = "-Onone";
			};
			name = Debug;
		};
		D4E244C82A60FF5D004E0167 /* Release */ = {
			isa = XCBuildConfiguration;
			buildSettings = {
				ALWAYS_SEARCH_USER_PATHS = NO;
				API_BASE_URL = "http://www.naver.com";
				CLANG_ANALYZER_NONNULL = YES;
				CLANG_ANALYZER_NUMBER_OBJECT_CONVERSION = YES_AGGRESSIVE;
				CLANG_CXX_LANGUAGE_STANDARD = "gnu++20";
				CLANG_ENABLE_MODULES = YES;
				CLANG_ENABLE_OBJC_ARC = YES;
				CLANG_ENABLE_OBJC_WEAK = YES;
				CLANG_WARN_BLOCK_CAPTURE_AUTORELEASING = YES;
				CLANG_WARN_BOOL_CONVERSION = YES;
				CLANG_WARN_COMMA = YES;
				CLANG_WARN_CONSTANT_CONVERSION = YES;
				CLANG_WARN_DEPRECATED_OBJC_IMPLEMENTATIONS = YES;
				CLANG_WARN_DIRECT_OBJC_ISA_USAGE = YES_ERROR;
				CLANG_WARN_DOCUMENTATION_COMMENTS = YES;
				CLANG_WARN_EMPTY_BODY = YES;
				CLANG_WARN_ENUM_CONVERSION = YES;
				CLANG_WARN_INFINITE_RECURSION = YES;
				CLANG_WARN_INT_CONVERSION = YES;
				CLANG_WARN_NON_LITERAL_NULL_CONVERSION = YES;
				CLANG_WARN_OBJC_IMPLICIT_RETAIN_SELF = YES;
				CLANG_WARN_OBJC_LITERAL_CONVERSION = YES;
				CLANG_WARN_OBJC_ROOT_CLASS = YES_ERROR;
				CLANG_WARN_QUOTED_INCLUDE_IN_FRAMEWORK_HEADER = YES;
				CLANG_WARN_RANGE_LOOP_ANALYSIS = YES;
				CLANG_WARN_STRICT_PROTOTYPES = YES;
				CLANG_WARN_SUSPICIOUS_MOVE = YES;
				CLANG_WARN_UNGUARDED_AVAILABILITY = YES_AGGRESSIVE;
				CLANG_WARN_UNREACHABLE_CODE = YES;
				CLANG_WARN__DUPLICATE_METHOD_MATCH = YES;
				COPY_PHASE_STRIP = NO;
				DEBUG_INFORMATION_FORMAT = "dwarf-with-dsym";
				ENABLE_NS_ASSERTIONS = NO;
				ENABLE_STRICT_OBJC_MSGSEND = YES;
				GCC_C_LANGUAGE_STANDARD = gnu11;
				GCC_NO_COMMON_BLOCKS = YES;
				GCC_WARN_64_TO_32_BIT_CONVERSION = YES;
				GCC_WARN_ABOUT_RETURN_TYPE = YES_ERROR;
				GCC_WARN_UNDECLARED_SELECTOR = YES;
				GCC_WARN_UNINITIALIZED_AUTOS = YES_AGGRESSIVE;
				GCC_WARN_UNUSED_FUNCTION = YES;
				GCC_WARN_UNUSED_VARIABLE = YES;
				IPHONEOS_DEPLOYMENT_TARGET = 16.2;
				MTL_ENABLE_DEBUG_INFO = NO;
				MTL_FAST_MATH = YES;
				SDKROOT = iphoneos;
				SWIFT_COMPILATION_MODE = wholemodule;
				SWIFT_OPTIMIZATION_LEVEL = "-O";
				VALIDATE_PRODUCT = YES;
			};
			name = Release;
		};
		D4E244CA2A60FF5D004E0167 /* Debug */ = {
			isa = XCBuildConfiguration;
			baseConfigurationReference = 1B24CC8C1560BF374B8A3ED8 /* Pods-Cheffi.debug.xcconfig */;
			buildSettings = {
				ASSETCATALOG_COMPILER_APPICON_NAME = AppIcon;
				ASSETCATALOG_COMPILER_GLOBAL_ACCENT_COLOR_NAME = AccentColor;
				CODE_SIGN_STYLE = Automatic;
				CURRENT_PROJECT_VERSION = 1;
				GENERATE_INFOPLIST_FILE = YES;
				INFOPLIST_FILE = Cheffi/Resources/Info.plist;
				INFOPLIST_KEY_UIApplicationSupportsIndirectInputEvents = YES;
				INFOPLIST_KEY_UILaunchStoryboardName = LaunchScreen;
				INFOPLIST_KEY_UIStatusBarStyle = "";
				INFOPLIST_KEY_UISupportedInterfaceOrientations = UIInterfaceOrientationPortrait;
				INFOPLIST_KEY_UISupportedInterfaceOrientations_iPad = "UIInterfaceOrientationLandscapeLeft UIInterfaceOrientationLandscapeRight UIInterfaceOrientationPortrait UIInterfaceOrientationPortraitUpsideDown";
				IPHONEOS_DEPLOYMENT_TARGET = 15.0;
				LD_RUNPATH_SEARCH_PATHS = (
					"$(inherited)",
					"@executable_path/Frameworks",
				);
				MARKETING_VERSION = 1.0.0;
				PRODUCT_BUNDLE_IDENTIFIER = cheffi.Cheffi;
				PRODUCT_NAME = "$(TARGET_NAME)";
				SUPPORTED_PLATFORMS = "iphoneos iphonesimulator";
				SUPPORTS_MACCATALYST = NO;
				SUPPORTS_MAC_DESIGNED_FOR_IPHONE_IPAD = NO;
				SWIFT_EMIT_LOC_STRINGS = YES;
				SWIFT_VERSION = 5.0;
				TARGETED_DEVICE_FAMILY = 1;
			};
			name = Debug;
		};
		D4E244CB2A60FF5D004E0167 /* Release */ = {
			isa = XCBuildConfiguration;
			baseConfigurationReference = 5D148B9BF9EC9E451CCFEBDE /* Pods-Cheffi.release.xcconfig */;
			buildSettings = {
				ASSETCATALOG_COMPILER_APPICON_NAME = AppIcon;
				ASSETCATALOG_COMPILER_GLOBAL_ACCENT_COLOR_NAME = AccentColor;
				CODE_SIGN_STYLE = Automatic;
				CURRENT_PROJECT_VERSION = 1;
				GENERATE_INFOPLIST_FILE = YES;
				INFOPLIST_FILE = Cheffi/Resources/Info.plist;
				INFOPLIST_KEY_UIApplicationSupportsIndirectInputEvents = YES;
				INFOPLIST_KEY_UILaunchStoryboardName = LaunchScreen;
				INFOPLIST_KEY_UIStatusBarStyle = "";
				INFOPLIST_KEY_UISupportedInterfaceOrientations = UIInterfaceOrientationPortrait;
				INFOPLIST_KEY_UISupportedInterfaceOrientations_iPad = "UIInterfaceOrientationLandscapeLeft UIInterfaceOrientationLandscapeRight UIInterfaceOrientationPortrait UIInterfaceOrientationPortraitUpsideDown";
				IPHONEOS_DEPLOYMENT_TARGET = 15.0;
				LD_RUNPATH_SEARCH_PATHS = (
					"$(inherited)",
					"@executable_path/Frameworks",
				);
				MARKETING_VERSION = 1.0.0;
				PRODUCT_BUNDLE_IDENTIFIER = cheffi.Cheffi;
				PRODUCT_NAME = "$(TARGET_NAME)";
				SUPPORTED_PLATFORMS = "iphoneos iphonesimulator";
				SUPPORTS_MACCATALYST = NO;
				SUPPORTS_MAC_DESIGNED_FOR_IPHONE_IPAD = NO;
				SWIFT_EMIT_LOC_STRINGS = YES;
				SWIFT_VERSION = 5.0;
				TARGETED_DEVICE_FAMILY = 1;
			};
			name = Release;
		};
/* End XCBuildConfiguration section */

/* Begin XCConfigurationList section */
		CE1A6A8B2A62AE4D00FFE93D /* Build configuration list for PBXNativeTarget "CheffiTests" */ = {
			isa = XCConfigurationList;
			buildConfigurations = (
				CE1A6A8C2A62AE4D00FFE93D /* Debug */,
				CE1A6A8D2A62AE4D00FFE93D /* Release */,
			);
			defaultConfigurationIsVisible = 0;
			defaultConfigurationName = Release;
		};
		D4E244B02A60FF5A004E0167 /* Build configuration list for PBXProject "Cheffi" */ = {
			isa = XCConfigurationList;
			buildConfigurations = (
				D4E244C72A60FF5D004E0167 /* Debug */,
				D4E244C82A60FF5D004E0167 /* Release */,
			);
			defaultConfigurationIsVisible = 0;
			defaultConfigurationName = Release;
		};
		D4E244C92A60FF5D004E0167 /* Build configuration list for PBXNativeTarget "Cheffi" */ = {
			isa = XCConfigurationList;
			buildConfigurations = (
				D4E244CA2A60FF5D004E0167 /* Debug */,
				D4E244CB2A60FF5D004E0167 /* Release */,
			);
			defaultConfigurationIsVisible = 0;
			defaultConfigurationName = Release;
		};
/* End XCConfigurationList section */

/* Begin XCRemoteSwiftPackageReference section */
		CE0D45152A61712400636989 /* XCRemoteSwiftPackageReference "SwifterSwift" */ = {
			isa = XCRemoteSwiftPackageReference;
			repositoryURL = "https://github.com/SwifterSwift/SwifterSwift.git";
			requirement = {
				kind = exactVersion;
				version = 5.3.0;
			};
		};
		FF5059772A79513300F90D27 /* XCRemoteSwiftPackageReference "kakao-ios-sdk" */ = {
			isa = XCRemoteSwiftPackageReference;
			repositoryURL = "https://github.com/kakao/kakao-ios-sdk";
			requirement = {
				kind = exactVersion;
				version = 2.16.0;
			};
		};
		FF9793B02A74C22800A921A0 /* XCRemoteSwiftPackageReference "PanModal" */ = {
			isa = XCRemoteSwiftPackageReference;
			repositoryURL = "https://github.com/slackhq/PanModal.git";
			requirement = {
				kind = exactVersion;
				version = 1.2.7;
			};
		};
/* End XCRemoteSwiftPackageReference section */

/* Begin XCSwiftPackageProductDependency section */
		CE0D45162A61712400636989 /* SwifterSwift */ = {
			isa = XCSwiftPackageProductDependency;
			package = CE0D45152A61712400636989 /* XCRemoteSwiftPackageReference "SwifterSwift" */;
			productName = SwifterSwift;
		};
		FF5059782A79513300F90D27 /* KakaoSDK */ = {
			isa = XCSwiftPackageProductDependency;
			package = FF5059772A79513300F90D27 /* XCRemoteSwiftPackageReference "kakao-ios-sdk" */;
			productName = KakaoSDK;
		};
		FF9793B12A74C22800A921A0 /* PanModal */ = {
			isa = XCSwiftPackageProductDependency;
			package = FF9793B02A74C22800A921A0 /* XCRemoteSwiftPackageReference "PanModal" */;
			productName = PanModal;
		};
/* End XCSwiftPackageProductDependency section */
	};
	rootObject = D4E244AD2A60FF5A004E0167 /* Project object */;
}
