// !$*UTF8*$!
{
	archiveVersion = 1;
	classes = {
	};
	objectVersion = 55;
	objects = {

/* Begin PBXBuildFile section */
		296236DF1AC0B1A79BC70DC9 /* Pods_Cheffi.framework in Frameworks */ = {isa = PBXBuildFile; fileRef = 4FFE5AB9FA75B3E04B6128B0 /* Pods_Cheffi.framework */; };
		CE0D45172A61712400636989 /* SwifterSwift in Frameworks */ = {isa = PBXBuildFile; productRef = CE0D45162A61712400636989 /* SwifterSwift */; };
		CE0D45192A617FC500636989 /* NationalTrendSceneDIContainer.swift in Sources */ = {isa = PBXBuildFile; fileRef = CE0D45182A617FC500636989 /* NationalTrendSceneDIContainer.swift */; };
		CE0D45212A618E5700636989 /* NationalTrendFlowCoordinator.swift in Sources */ = {isa = PBXBuildFile; fileRef = CE0D45202A618E5700636989 /* NationalTrendFlowCoordinator.swift */; };
		CE0D45242A618F0C00636989 /* NationalTrendViewController.swift in Sources */ = {isa = PBXBuildFile; fileRef = CE0D45232A618F0C00636989 /* NationalTrendViewController.swift */; };
		CE0D45262A618F8700636989 /* NationalTrend.storyboard in Resources */ = {isa = PBXBuildFile; fileRef = CE0D45252A618F8700636989 /* NationalTrend.storyboard */; };
		CE0D45282A6195BD00636989 /* RestaurantRegistSceneDIContainer.swift in Sources */ = {isa = PBXBuildFile; fileRef = CE0D45272A6195BC00636989 /* RestaurantRegistSceneDIContainer.swift */; };
		CE0D452A2A6195CA00636989 /* MyPageSceneDIContainer.swift in Sources */ = {isa = PBXBuildFile; fileRef = CE0D45292A6195CA00636989 /* MyPageSceneDIContainer.swift */; };
		CE0D45322A61967700636989 /* RestaurantRegistViewController.swift in Sources */ = {isa = PBXBuildFile; fileRef = CE0D45312A61967700636989 /* RestaurantRegistViewController.swift */; };
		CE0D45342A61968200636989 /* RestaurantRegist.storyboard in Resources */ = {isa = PBXBuildFile; fileRef = CE0D45332A61968200636989 /* RestaurantRegist.storyboard */; };
		CE0D45362A61975100636989 /* RestaurantRegistFlowCoodinator.swift in Sources */ = {isa = PBXBuildFile; fileRef = CE0D45352A61975100636989 /* RestaurantRegistFlowCoodinator.swift */; };
		CE0D45382A61AA5A00636989 /* MyPageViewController.swift in Sources */ = {isa = PBXBuildFile; fileRef = CE0D45372A61AA5A00636989 /* MyPageViewController.swift */; };
		CE0D453A2A61AA7700636989 /* MyPage.storyboard in Resources */ = {isa = PBXBuildFile; fileRef = CE0D45392A61AA7700636989 /* MyPage.storyboard */; };
		CE0D453C2A61AAD700636989 /* MyPageFlowCoodinator.swift in Sources */ = {isa = PBXBuildFile; fileRef = CE0D453B2A61AAD700636989 /* MyPageFlowCoodinator.swift */; };
		CE0D453F2A61AECD00636989 /* BaseFlowCoordinator.swift in Sources */ = {isa = PBXBuildFile; fileRef = CE0D453E2A61AECD00636989 /* BaseFlowCoordinator.swift */; };
		CE0D45422A626C3B00636989 /* SimilarChefCell.swift in Sources */ = {isa = PBXBuildFile; fileRef = CE0D45402A626C3B00636989 /* SimilarChefCell.swift */; };
		CE0D45432A626C3B00636989 /* SimilarChefCell.xib in Resources */ = {isa = PBXBuildFile; fileRef = CE0D45412A626C3B00636989 /* SimilarChefCell.xib */; };
		CE1A6A6D2A62716C00FFE93D /* SimilarChefViewModel.swift in Sources */ = {isa = PBXBuildFile; fileRef = CE1A6A6C2A62716C00FFE93D /* SimilarChefViewModel.swift */; };
		CE1A6A722A6281E200FFE93D /* ProfileView.swift in Sources */ = {isa = PBXBuildFile; fileRef = CE1A6A712A6281E200FFE93D /* ProfileView.swift */; };
		CE1A6A752A6286CB00FFE93D /* SimilarChefProfileCell.swift in Sources */ = {isa = PBXBuildFile; fileRef = CE1A6A732A6286CB00FFE93D /* SimilarChefProfileCell.swift */; };
		CE1A6A762A6286CB00FFE93D /* SimilarChefProfileCell.xib in Resources */ = {isa = PBXBuildFile; fileRef = CE1A6A742A6286CB00FFE93D /* SimilarChefProfileCell.xib */; };
		CE1A6A782A6294DC00FFE93D /* TagListView.swift in Sources */ = {isa = PBXBuildFile; fileRef = CE1A6A772A6294DC00FFE93D /* TagListView.swift */; };
		CE1A6A7B2A62961D00FFE93D /* BaseView.swift in Sources */ = {isa = PBXBuildFile; fileRef = CE1A6A7A2A62961D00FFE93D /* BaseView.swift */; };
		CE1A6A912A62AECA00FFE93D /* SimilarChefViewModelTests.swift in Sources */ = {isa = PBXBuildFile; fileRef = CE1A6A902A62AECA00FFE93D /* SimilarChefViewModelTests.swift */; };
		CE70F8872A63BFC8003D0ED9 /* HomeViewModel.swift in Sources */ = {isa = PBXBuildFile; fileRef = CE70F8862A63BFC8003D0ED9 /* HomeViewModel.swift */; };
		CE70F8892A63BFEB003D0ED9 /* User.swift in Sources */ = {isa = PBXBuildFile; fileRef = CE70F8882A63BFEB003D0ED9 /* User.swift */; };
		CE70F88D2A63C0CC003D0ED9 /* SimilarChefRepository.swift in Sources */ = {isa = PBXBuildFile; fileRef = CE70F88C2A63C0CC003D0ED9 /* SimilarChefRepository.swift */; };
		CE70F8912A63C18C003D0ED9 /* FetchSimilarChefUseCase.swift in Sources */ = {isa = PBXBuildFile; fileRef = CE70F8902A63C18C003D0ED9 /* FetchSimilarChefUseCase.swift */; };
		CE70F8992A63C692003D0ED9 /* DefaultSimilarChefRepository.swift in Sources */ = {isa = PBXBuildFile; fileRef = CE70F8982A63C692003D0ED9 /* DefaultSimilarChefRepository.swift */; };
		D41B45FB2A612600003EF1EC /* Storyboarded.swift in Sources */ = {isa = PBXBuildFile; fileRef = D41B45FA2A612600003EF1EC /* Storyboarded.swift */; };
		D41B45FD2A6126FD003EF1EC /* AppFlowCoordinator.swift in Sources */ = {isa = PBXBuildFile; fileRef = D41B45FC2A6126FD003EF1EC /* AppFlowCoordinator.swift */; };
		D41B45FF2A61284D003EF1EC /* AppDIContainer.swift in Sources */ = {isa = PBXBuildFile; fileRef = D41B45FE2A61284D003EF1EC /* AppDIContainer.swift */; };
		D41B46012A6128C1003EF1EC /* HomeFlowCoordinator.swift in Sources */ = {isa = PBXBuildFile; fileRef = D41B46002A6128C1003EF1EC /* HomeFlowCoordinator.swift */; };
		D41B46032A61295D003EF1EC /* HomeSceneDIContainer.swift in Sources */ = {isa = PBXBuildFile; fileRef = D41B46022A61295D003EF1EC /* HomeSceneDIContainer.swift */; };
		D441C01E2A6693E300063822 /* CheffiRecommendationCell.swift in Sources */ = {isa = PBXBuildFile; fileRef = D441C01D2A6693E300063822 /* CheffiRecommendationCell.swift */; };
		D441C0202A66965400063822 /* CheffiRecommendationCatogoryPageView.swift in Sources */ = {isa = PBXBuildFile; fileRef = D441C01F2A66965400063822 /* CheffiRecommendationCatogoryPageView.swift */; };
		D441C0232A66985C00063822 /* CheffiRecommendationCategoryPageCell.swift in Sources */ = {isa = PBXBuildFile; fileRef = D441C0222A66985C00063822 /* CheffiRecommendationCategoryPageCell.swift */; };
		D49B59282A652330003C108E /* RestaurantContentView.swift in Sources */ = {isa = PBXBuildFile; fileRef = D49B59272A652330003C108E /* RestaurantContentView.swift */; };
		D49B592A2A652A35003C108E /* PopularRestaurantContentsView.swift in Sources */ = {isa = PBXBuildFile; fileRef = D49B59292A652A35003C108E /* PopularRestaurantContentsView.swift */; };
		D49B592C2A653454003C108E /* RestaurantContentCell.swift in Sources */ = {isa = PBXBuildFile; fileRef = D49B592B2A653454003C108E /* RestaurantContentCell.swift */; };
		D4E244B92A60FF5A004E0167 /* AppDelegate.swift in Sources */ = {isa = PBXBuildFile; fileRef = D4E244B82A60FF5A004E0167 /* AppDelegate.swift */; };
		D4E244BB2A60FF5A004E0167 /* SceneDelegate.swift in Sources */ = {isa = PBXBuildFile; fileRef = D4E244BA2A60FF5A004E0167 /* SceneDelegate.swift */; };
		D4E244BD2A60FF5A004E0167 /* HomeViewController.swift in Sources */ = {isa = PBXBuildFile; fileRef = D4E244BC2A60FF5A004E0167 /* HomeViewController.swift */; };
		D4E244C02A60FF5A004E0167 /* Home.storyboard in Resources */ = {isa = PBXBuildFile; fileRef = D4E244BE2A60FF5A004E0167 /* Home.storyboard */; };
		D4E244C22A60FF5D004E0167 /* Assets.xcassets in Resources */ = {isa = PBXBuildFile; fileRef = D4E244C12A60FF5D004E0167 /* Assets.xcassets */; };
		D4E24EDC2A64E97A00F9A3B3 /* PopularRestaurantCell.swift in Sources */ = {isa = PBXBuildFile; fileRef = D4E24EDB2A64E97A00F9A3B3 /* PopularRestaurantCell.swift */; };
		D4E24EDE2A64EA7300F9A3B3 /* MainPopularRestaurantView.swift in Sources */ = {isa = PBXBuildFile; fileRef = D4E24EDD2A64EA7300F9A3B3 /* MainPopularRestaurantView.swift */; };
		D4E24EE22A64F02E00F9A3B3 /* ContentTimeLockBubbleView.swift in Sources */ = {isa = PBXBuildFile; fileRef = D4E24EE12A64F02E00F9A3B3 /* ContentTimeLockBubbleView.swift */; };
/* End PBXBuildFile section */

/* Begin PBXContainerItemProxy section */
		CE1A6A892A62AE4D00FFE93D /* PBXContainerItemProxy */ = {
			isa = PBXContainerItemProxy;
			containerPortal = D4E244AD2A60FF5A004E0167 /* Project object */;
			proxyType = 1;
			remoteGlobalIDString = D4E244B42A60FF5A004E0167;
			remoteInfo = Cheffi;
		};
/* End PBXContainerItemProxy section */

/* Begin PBXFileReference section */
		1B24CC8C1560BF374B8A3ED8 /* Pods-Cheffi.debug.xcconfig */ = {isa = PBXFileReference; includeInIndex = 1; lastKnownFileType = text.xcconfig; name = "Pods-Cheffi.debug.xcconfig"; path = "Target Support Files/Pods-Cheffi/Pods-Cheffi.debug.xcconfig"; sourceTree = "<group>"; };
		4FFE5AB9FA75B3E04B6128B0 /* Pods_Cheffi.framework */ = {isa = PBXFileReference; explicitFileType = wrapper.framework; includeInIndex = 0; path = Pods_Cheffi.framework; sourceTree = BUILT_PRODUCTS_DIR; };
		5D148B9BF9EC9E451CCFEBDE /* Pods-Cheffi.release.xcconfig */ = {isa = PBXFileReference; includeInIndex = 1; lastKnownFileType = text.xcconfig; name = "Pods-Cheffi.release.xcconfig"; path = "Target Support Files/Pods-Cheffi/Pods-Cheffi.release.xcconfig"; sourceTree = "<group>"; };
		CE0D45182A617FC500636989 /* NationalTrendSceneDIContainer.swift */ = {isa = PBXFileReference; lastKnownFileType = sourcecode.swift; path = NationalTrendSceneDIContainer.swift; sourceTree = "<group>"; };
		CE0D45202A618E5700636989 /* NationalTrendFlowCoordinator.swift */ = {isa = PBXFileReference; lastKnownFileType = sourcecode.swift; path = NationalTrendFlowCoordinator.swift; sourceTree = "<group>"; };
		CE0D45232A618F0C00636989 /* NationalTrendViewController.swift */ = {isa = PBXFileReference; lastKnownFileType = sourcecode.swift; path = NationalTrendViewController.swift; sourceTree = "<group>"; };
		CE0D45252A618F8700636989 /* NationalTrend.storyboard */ = {isa = PBXFileReference; lastKnownFileType = file.storyboard; path = NationalTrend.storyboard; sourceTree = "<group>"; };
		CE0D45272A6195BC00636989 /* RestaurantRegistSceneDIContainer.swift */ = {isa = PBXFileReference; lastKnownFileType = sourcecode.swift; path = RestaurantRegistSceneDIContainer.swift; sourceTree = "<group>"; };
		CE0D45292A6195CA00636989 /* MyPageSceneDIContainer.swift */ = {isa = PBXFileReference; lastKnownFileType = sourcecode.swift; path = MyPageSceneDIContainer.swift; sourceTree = "<group>"; };
		CE0D45312A61967700636989 /* RestaurantRegistViewController.swift */ = {isa = PBXFileReference; lastKnownFileType = sourcecode.swift; path = RestaurantRegistViewController.swift; sourceTree = "<group>"; };
		CE0D45332A61968200636989 /* RestaurantRegist.storyboard */ = {isa = PBXFileReference; lastKnownFileType = file.storyboard; path = RestaurantRegist.storyboard; sourceTree = "<group>"; };
		CE0D45352A61975100636989 /* RestaurantRegistFlowCoodinator.swift */ = {isa = PBXFileReference; lastKnownFileType = sourcecode.swift; path = RestaurantRegistFlowCoodinator.swift; sourceTree = "<group>"; };
		CE0D45372A61AA5A00636989 /* MyPageViewController.swift */ = {isa = PBXFileReference; lastKnownFileType = sourcecode.swift; path = MyPageViewController.swift; sourceTree = "<group>"; };
		CE0D45392A61AA7700636989 /* MyPage.storyboard */ = {isa = PBXFileReference; lastKnownFileType = file.storyboard; path = MyPage.storyboard; sourceTree = "<group>"; };
		CE0D453B2A61AAD700636989 /* MyPageFlowCoodinator.swift */ = {isa = PBXFileReference; lastKnownFileType = sourcecode.swift; path = MyPageFlowCoodinator.swift; sourceTree = "<group>"; };
		CE0D453E2A61AECD00636989 /* BaseFlowCoordinator.swift */ = {isa = PBXFileReference; lastKnownFileType = sourcecode.swift; path = BaseFlowCoordinator.swift; sourceTree = "<group>"; };
		CE0D45402A626C3B00636989 /* SimilarChefCell.swift */ = {isa = PBXFileReference; lastKnownFileType = sourcecode.swift; path = SimilarChefCell.swift; sourceTree = "<group>"; };
		CE0D45412A626C3B00636989 /* SimilarChefCell.xib */ = {isa = PBXFileReference; lastKnownFileType = file.xib; path = SimilarChefCell.xib; sourceTree = "<group>"; };
		CE1A6A6C2A62716C00FFE93D /* SimilarChefViewModel.swift */ = {isa = PBXFileReference; lastKnownFileType = sourcecode.swift; name = SimilarChefViewModel.swift; path = Cheffi/Presentation/HomeScene/Views/SimilarChef/ViewModel/SimilarChefViewModel.swift; sourceTree = SOURCE_ROOT; };
		CE1A6A712A6281E200FFE93D /* ProfileView.swift */ = {isa = PBXFileReference; lastKnownFileType = sourcecode.swift; path = ProfileView.swift; sourceTree = "<group>"; };
		CE1A6A732A6286CB00FFE93D /* SimilarChefProfileCell.swift */ = {isa = PBXFileReference; lastKnownFileType = sourcecode.swift; path = SimilarChefProfileCell.swift; sourceTree = "<group>"; };
		CE1A6A742A6286CB00FFE93D /* SimilarChefProfileCell.xib */ = {isa = PBXFileReference; lastKnownFileType = file.xib; path = SimilarChefProfileCell.xib; sourceTree = "<group>"; };
		CE1A6A772A6294DC00FFE93D /* TagListView.swift */ = {isa = PBXFileReference; lastKnownFileType = sourcecode.swift; path = TagListView.swift; sourceTree = "<group>"; };
		CE1A6A7A2A62961D00FFE93D /* BaseView.swift */ = {isa = PBXFileReference; lastKnownFileType = sourcecode.swift; path = BaseView.swift; sourceTree = "<group>"; };
		CE1A6A852A62AE4D00FFE93D /* CheffiTests.xctest */ = {isa = PBXFileReference; explicitFileType = wrapper.cfbundle; includeInIndex = 0; path = CheffiTests.xctest; sourceTree = BUILT_PRODUCTS_DIR; };
		CE1A6A902A62AECA00FFE93D /* SimilarChefViewModelTests.swift */ = {isa = PBXFileReference; lastKnownFileType = sourcecode.swift; path = SimilarChefViewModelTests.swift; sourceTree = "<group>"; };
		CE70F8862A63BFC8003D0ED9 /* HomeViewModel.swift */ = {isa = PBXFileReference; lastKnownFileType = sourcecode.swift; name = HomeViewModel.swift; path = Cheffi/Presentation/HomeScene/ViewModels/HomeViewModel.swift; sourceTree = SOURCE_ROOT; };
		CE70F8882A63BFEB003D0ED9 /* User.swift */ = {isa = PBXFileReference; lastKnownFileType = sourcecode.swift; name = User.swift; path = Cheffi/Domain/Entities/User.swift; sourceTree = SOURCE_ROOT; };
		CE70F88C2A63C0CC003D0ED9 /* SimilarChefRepository.swift */ = {isa = PBXFileReference; lastKnownFileType = sourcecode.swift; name = SimilarChefRepository.swift; path = Cheffi/Domain/Interfaces/Repositories/SimilarChefRepository.swift; sourceTree = SOURCE_ROOT; };
		CE70F8902A63C18C003D0ED9 /* FetchSimilarChefUseCase.swift */ = {isa = PBXFileReference; lastKnownFileType = sourcecode.swift; name = FetchSimilarChefUseCase.swift; path = Cheffi/Domain/Usecases/FetchSimilarChefUseCase.swift; sourceTree = SOURCE_ROOT; };
		CE70F8982A63C692003D0ED9 /* DefaultSimilarChefRepository.swift */ = {isa = PBXFileReference; lastKnownFileType = sourcecode.swift; name = DefaultSimilarChefRepository.swift; path = Cheffi/Data/Repositories/DefaultSimilarChefRepository.swift; sourceTree = SOURCE_ROOT; };
		D41B45FA2A612600003EF1EC /* Storyboarded.swift */ = {isa = PBXFileReference; lastKnownFileType = sourcecode.swift; path = Storyboarded.swift; sourceTree = "<group>"; };
		D41B45FC2A6126FD003EF1EC /* AppFlowCoordinator.swift */ = {isa = PBXFileReference; lastKnownFileType = sourcecode.swift; path = AppFlowCoordinator.swift; sourceTree = "<group>"; };
		D41B45FE2A61284D003EF1EC /* AppDIContainer.swift */ = {isa = PBXFileReference; lastKnownFileType = sourcecode.swift; path = AppDIContainer.swift; sourceTree = "<group>"; };
		D41B46002A6128C1003EF1EC /* HomeFlowCoordinator.swift */ = {isa = PBXFileReference; lastKnownFileType = sourcecode.swift; path = HomeFlowCoordinator.swift; sourceTree = "<group>"; };
		D41B46022A61295D003EF1EC /* HomeSceneDIContainer.swift */ = {isa = PBXFileReference; lastKnownFileType = sourcecode.swift; path = HomeSceneDIContainer.swift; sourceTree = "<group>"; };
		D441C01D2A6693E300063822 /* CheffiRecommendationCell.swift */ = {isa = PBXFileReference; lastKnownFileType = sourcecode.swift; path = CheffiRecommendationCell.swift; sourceTree = "<group>"; };
		D441C01F2A66965400063822 /* CheffiRecommendationCatogoryPageView.swift */ = {isa = PBXFileReference; lastKnownFileType = sourcecode.swift; path = CheffiRecommendationCatogoryPageView.swift; sourceTree = "<group>"; };
		D441C0222A66985C00063822 /* CheffiRecommendationCategoryPageCell.swift */ = {isa = PBXFileReference; lastKnownFileType = sourcecode.swift; path = CheffiRecommendationCategoryPageCell.swift; sourceTree = "<group>"; };
		D49B59272A652330003C108E /* RestaurantContentView.swift */ = {isa = PBXFileReference; lastKnownFileType = sourcecode.swift; path = RestaurantContentView.swift; sourceTree = "<group>"; };
		D49B59292A652A35003C108E /* PopularRestaurantContentsView.swift */ = {isa = PBXFileReference; lastKnownFileType = sourcecode.swift; path = PopularRestaurantContentsView.swift; sourceTree = "<group>"; };
		D49B592B2A653454003C108E /* RestaurantContentCell.swift */ = {isa = PBXFileReference; lastKnownFileType = sourcecode.swift; path = RestaurantContentCell.swift; sourceTree = "<group>"; };
		D4E244B52A60FF5A004E0167 /* Cheffi.app */ = {isa = PBXFileReference; explicitFileType = wrapper.application; includeInIndex = 0; path = Cheffi.app; sourceTree = BUILT_PRODUCTS_DIR; };
		D4E244B82A60FF5A004E0167 /* AppDelegate.swift */ = {isa = PBXFileReference; lastKnownFileType = sourcecode.swift; path = AppDelegate.swift; sourceTree = "<group>"; };
		D4E244BA2A60FF5A004E0167 /* SceneDelegate.swift */ = {isa = PBXFileReference; lastKnownFileType = sourcecode.swift; path = SceneDelegate.swift; sourceTree = "<group>"; };
		D4E244BC2A60FF5A004E0167 /* HomeViewController.swift */ = {isa = PBXFileReference; lastKnownFileType = sourcecode.swift; path = HomeViewController.swift; sourceTree = "<group>"; };
		D4E244BF2A60FF5A004E0167 /* Base */ = {isa = PBXFileReference; lastKnownFileType = file.storyboard; name = Base; path = Base.lproj/Home.storyboard; sourceTree = "<group>"; };
		D4E244C12A60FF5D004E0167 /* Assets.xcassets */ = {isa = PBXFileReference; lastKnownFileType = folder.assetcatalog; path = Assets.xcassets; sourceTree = "<group>"; };
		D4E244C62A60FF5D004E0167 /* Info.plist */ = {isa = PBXFileReference; lastKnownFileType = text.plist.xml; path = Info.plist; sourceTree = "<group>"; };
		D4E24EDB2A64E97A00F9A3B3 /* PopularRestaurantCell.swift */ = {isa = PBXFileReference; lastKnownFileType = sourcecode.swift; path = PopularRestaurantCell.swift; sourceTree = "<group>"; };
		D4E24EDD2A64EA7300F9A3B3 /* MainPopularRestaurantView.swift */ = {isa = PBXFileReference; lastKnownFileType = sourcecode.swift; path = MainPopularRestaurantView.swift; sourceTree = "<group>"; };
		D4E24EE12A64F02E00F9A3B3 /* ContentTimeLockBubbleView.swift */ = {isa = PBXFileReference; lastKnownFileType = sourcecode.swift; path = ContentTimeLockBubbleView.swift; sourceTree = "<group>"; };
/* End PBXFileReference section */

/* Begin PBXFrameworksBuildPhase section */
		CE1A6A822A62AE4D00FFE93D /* Frameworks */ = {
			isa = PBXFrameworksBuildPhase;
			buildActionMask = 2147483647;
			files = (
			);
			runOnlyForDeploymentPostprocessing = 0;
		};
		D4E244B22A60FF5A004E0167 /* Frameworks */ = {
			isa = PBXFrameworksBuildPhase;
			buildActionMask = 2147483647;
			files = (
				296236DF1AC0B1A79BC70DC9 /* Pods_Cheffi.framework in Frameworks */,
				CE0D45172A61712400636989 /* SwifterSwift in Frameworks */,
			);
			runOnlyForDeploymentPostprocessing = 0;
		};
/* End PBXFrameworksBuildPhase section */

/* Begin PBXGroup section */
		65BDD68A3ABF29456FF37264 /* Pods */ = {
			isa = PBXGroup;
			children = (
				1B24CC8C1560BF374B8A3ED8 /* Pods-Cheffi.debug.xcconfig */,
				5D148B9BF9EC9E451CCFEBDE /* Pods-Cheffi.release.xcconfig */,
			);
			path = Pods;
			sourceTree = "<group>";
		};
		CE0D451E2A6180AD00636989 /* NationalTrendScene */ = {
			isa = PBXGroup;
			children = (
				CE0D451F2A618E3700636989 /* Flow */,
				CE0D45222A618E5F00636989 /* Views */,
			);
			path = NationalTrendScene;
			sourceTree = "<group>";
		};
		CE0D451F2A618E3700636989 /* Flow */ = {
			isa = PBXGroup;
			children = (
				CE0D45202A618E5700636989 /* NationalTrendFlowCoordinator.swift */,
			);
			path = Flow;
			sourceTree = "<group>";
		};
		CE0D45222A618E5F00636989 /* Views */ = {
			isa = PBXGroup;
			children = (
				CE0D45232A618F0C00636989 /* NationalTrendViewController.swift */,
				CE0D45252A618F8700636989 /* NationalTrend.storyboard */,
			);
			path = Views;
			sourceTree = "<group>";
		};
		CE0D452B2A61962C00636989 /* RestaurantRegistScene */ = {
			isa = PBXGroup;
			children = (
				CE0D45302A61965900636989 /* Flow */,
				CE0D452F2A61965300636989 /* View */,
			);
			path = RestaurantRegistScene;
			sourceTree = "<group>";
		};
		CE0D452C2A61963D00636989 /* MyPageScene */ = {
			isa = PBXGroup;
			children = (
				CE0D452E2A61964E00636989 /* Flow */,
				CE0D452D2A61964600636989 /* Views */,
			);
			path = MyPageScene;
			sourceTree = "<group>";
		};
		CE0D452D2A61964600636989 /* Views */ = {
			isa = PBXGroup;
			children = (
				CE0D45372A61AA5A00636989 /* MyPageViewController.swift */,
				CE0D45392A61AA7700636989 /* MyPage.storyboard */,
			);
			path = Views;
			sourceTree = "<group>";
		};
		CE0D452E2A61964E00636989 /* Flow */ = {
			isa = PBXGroup;
			children = (
				CE0D453B2A61AAD700636989 /* MyPageFlowCoodinator.swift */,
			);
			path = Flow;
			sourceTree = "<group>";
		};
		CE0D452F2A61965300636989 /* View */ = {
			isa = PBXGroup;
			children = (
				CE0D45312A61967700636989 /* RestaurantRegistViewController.swift */,
				CE0D45332A61968200636989 /* RestaurantRegist.storyboard */,
			);
			path = View;
			sourceTree = "<group>";
		};
		CE0D45302A61965900636989 /* Flow */ = {
			isa = PBXGroup;
			children = (
				CE0D45352A61975100636989 /* RestaurantRegistFlowCoodinator.swift */,
			);
			path = Flow;
			sourceTree = "<group>";
		};
		CE0D453D2A61AEB100636989 /* BaseScene */ = {
			isa = PBXGroup;
			children = (
				CE0D453E2A61AECD00636989 /* BaseFlowCoordinator.swift */,
			);
			path = BaseScene;
			sourceTree = "<group>";
		};
		CE1A6A6E2A62814C00FFE93D /* SimilarChef */ = {
			isa = PBXGroup;
			children = (
				CE1A6A6F2A62817300FFE93D /* View */,
				CE1A6A702A62817F00FFE93D /* ViewModel */,
			);
			path = SimilarChef;
			sourceTree = "<group>";
		};
		CE1A6A6F2A62817300FFE93D /* View */ = {
			isa = PBXGroup;
			children = (
				CE0D45402A626C3B00636989 /* SimilarChefCell.swift */,
				CE0D45412A626C3B00636989 /* SimilarChefCell.xib */,
				CE1A6A712A6281E200FFE93D /* ProfileView.swift */,
				CE1A6A732A6286CB00FFE93D /* SimilarChefProfileCell.swift */,
				CE1A6A742A6286CB00FFE93D /* SimilarChefProfileCell.xib */,
				CE1A6A772A6294DC00FFE93D /* TagListView.swift */,
			);
			path = View;
			sourceTree = "<group>";
		};
		CE1A6A702A62817F00FFE93D /* ViewModel */ = {
			isa = PBXGroup;
			children = (
				CE1A6A6C2A62716C00FFE93D /* SimilarChefViewModel.swift */,
			);
			path = ViewModel;
			sourceTree = "<group>";
		};
		CE1A6A792A62960A00FFE93D /* Common */ = {
			isa = PBXGroup;
			children = (
				CE1A6A7A2A62961D00FFE93D /* BaseView.swift */,
			);
			path = Common;
			sourceTree = "<group>";
		};
		CE1A6A7D2A62AD7100FFE93D /* HomeScene */ = {
			isa = PBXGroup;
			children = (
				CE1A6A7E2A62AD8400FFE93D /* ViewModel */,
			);
			path = HomeScene;
			sourceTree = "<group>";
		};
		CE1A6A7E2A62AD8400FFE93D /* ViewModel */ = {
			isa = PBXGroup;
			children = (
				CE1A6A902A62AECA00FFE93D /* SimilarChefViewModelTests.swift */,
			);
			path = ViewModel;
			sourceTree = "<group>";
		};
		CE1A6A862A62AE4D00FFE93D /* CheffiTests */ = {
			isa = PBXGroup;
			children = (
				CE1A6A7D2A62AD7100FFE93D /* HomeScene */,
			);
			path = CheffiTests;
			sourceTree = "<group>";
		};
		CE70F89C2A63E77F003D0ED9 /* ViewModels */ = {
			isa = PBXGroup;
			children = (
				CE70F8862A63BFC8003D0ED9 /* HomeViewModel.swift */,
			);
			path = ViewModels;
			sourceTree = "<group>";
		};
		CE70F89D2A63E7C0003D0ED9 /* Data */ = {
			isa = PBXGroup;
			children = (
				CE70F89E2A63E7CD003D0ED9 /* Network */,
				CE70F89F2A63E7D4003D0ED9 /* Repositories */,
			);
			path = Data;
			sourceTree = "<group>";
		};
		CE70F89E2A63E7CD003D0ED9 /* Network */ = {
			isa = PBXGroup;
			children = (
			);
			path = Network;
			sourceTree = "<group>";
		};
		CE70F89F2A63E7D4003D0ED9 /* Repositories */ = {
			isa = PBXGroup;
			children = (
				CE70F8982A63C692003D0ED9 /* DefaultSimilarChefRepository.swift */,
			);
			path = Repositories;
			sourceTree = "<group>";
		};
		CE70F8A02A63E7F5003D0ED9 /* Domain */ = {
			isa = PBXGroup;
			children = (
				CE70F8A12A63E802003D0ED9 /* Entities */,
				CE70F8A22A63E80A003D0ED9 /* Usecases */,
				CE70F8A32A63E811003D0ED9 /* Interfaces */,
			);
			path = Domain;
			sourceTree = "<group>";
		};
		CE70F8A12A63E802003D0ED9 /* Entities */ = {
			isa = PBXGroup;
			children = (
				CE70F8882A63BFEB003D0ED9 /* User.swift */,
			);
			path = Entities;
			sourceTree = "<group>";
		};
		CE70F8A22A63E80A003D0ED9 /* Usecases */ = {
			isa = PBXGroup;
			children = (
				CE70F8902A63C18C003D0ED9 /* FetchSimilarChefUseCase.swift */,
			);
			path = Usecases;
			sourceTree = "<group>";
		};
		CE70F8A32A63E811003D0ED9 /* Interfaces */ = {
			isa = PBXGroup;
			children = (
				CE70F8A42A63E818003D0ED9 /* Repositories */,
			);
			path = Interfaces;
			sourceTree = "<group>";
		};
		CE70F8A42A63E818003D0ED9 /* Repositories */ = {
			isa = PBXGroup;
			children = (
				CE70F88C2A63C0CC003D0ED9 /* SimilarChefRepository.swift */,
			);
			path = Repositories;
			sourceTree = "<group>";
		};
		CE70F8A92A642A6A003D0ED9 /* Resources */ = {
			isa = PBXGroup;
			children = (
				D4E244C62A60FF5D004E0167 /* Info.plist */,
				D4E244C12A60FF5D004E0167 /* Assets.xcassets */,
			);
			path = Resources;
			sourceTree = "<group>";
		};
		D41B45E72A611836003EF1EC /* Application */ = {
			isa = PBXGroup;
			children = (
				D4E244B82A60FF5A004E0167 /* AppDelegate.swift */,
				D4E244BA2A60FF5A004E0167 /* SceneDelegate.swift */,
				D41B45FC2A6126FD003EF1EC /* AppFlowCoordinator.swift */,
				D41B45E82A611859003EF1EC /* DIContainer */,
				D41B45FA2A612600003EF1EC /* Storyboarded.swift */,
			);
			path = Application;
			sourceTree = "<group>";
		};
		D41B45E82A611859003EF1EC /* DIContainer */ = {
			isa = PBXGroup;
			children = (
				D41B45FE2A61284D003EF1EC /* AppDIContainer.swift */,
				D41B46022A61295D003EF1EC /* HomeSceneDIContainer.swift */,
				CE0D45182A617FC500636989 /* NationalTrendSceneDIContainer.swift */,
				CE0D45272A6195BC00636989 /* RestaurantRegistSceneDIContainer.swift */,
				CE0D45292A6195CA00636989 /* MyPageSceneDIContainer.swift */,
			);
			path = DIContainer;
			sourceTree = "<group>";
		};
		D41B45EA2A611875003EF1EC /* Presentation */ = {
			isa = PBXGroup;
			children = (
				CE0D453D2A61AEB100636989 /* BaseScene */,
				D41B45EE2A611936003EF1EC /* HomeScene */,
				CE0D451E2A6180AD00636989 /* NationalTrendScene */,
				CE0D452B2A61962C00636989 /* RestaurantRegistScene */,
				CE0D452C2A61963D00636989 /* MyPageScene */,
				D41B45F22A6119D1003EF1EC /* Utils */,
			);
			path = Presentation;
			sourceTree = "<group>";
		};
		D41B45ED2A61188B003EF1EC /* Infrastructure */ = {
			isa = PBXGroup;
			children = (
				D41B45F92A611A4E003EF1EC /* Network */,
			);
			path = Infrastructure;
			sourceTree = "<group>";
		};
		D41B45EE2A611936003EF1EC /* HomeScene */ = {
			isa = PBXGroup;
			children = (
				D41B45EF2A611958003EF1EC /* Flow */,
				CE70F89C2A63E77F003D0ED9 /* ViewModels */,
				D41B45F12A61196B003EF1EC /* Views */,
			);
			path = HomeScene;
			sourceTree = "<group>";
		};
		D41B45EF2A611958003EF1EC /* Flow */ = {
			isa = PBXGroup;
			children = (
				D41B46002A6128C1003EF1EC /* HomeFlowCoordinator.swift */,
			);
			path = Flow;
			sourceTree = "<group>";
		};
		D41B45F12A61196B003EF1EC /* Views */ = {
			isa = PBXGroup;
			children = (
				D4E244BC2A60FF5A004E0167 /* HomeViewController.swift */,
				D4E244BE2A60FF5A004E0167 /* Home.storyboard */,
				D4E24EDF2A64EF0E00F9A3B3 /* PopularRestaurant */,
				CE1A6A6E2A62814C00FFE93D /* SimilarChef */,
				D441C01C2A668FEC00063822 /* CheffiRecommendation */,
			);
			path = Views;
			sourceTree = "<group>";
		};
		D41B45F22A6119D1003EF1EC /* Utils */ = {
			isa = PBXGroup;
			children = (
				D4E24EE02A64EFB900F9A3B3 /* Views */,
				D41B45F32A6119D6003EF1EC /* Extensions */,
			);
			path = Utils;
			sourceTree = "<group>";
		};
		D41B45F32A6119D6003EF1EC /* Extensions */ = {
			isa = PBXGroup;
			children = (
			);
			path = Extensions;
			sourceTree = "<group>";
		};
		D41B45F92A611A4E003EF1EC /* Network */ = {
			isa = PBXGroup;
			children = (
			);
			path = Network;
			sourceTree = "<group>";
		};
		D441C01B2A668FDF00063822 /* View */ = {
			isa = PBXGroup;
			children = (
				D4E24EDB2A64E97A00F9A3B3 /* PopularRestaurantCell.swift */,
				D4E24EDD2A64EA7300F9A3B3 /* MainPopularRestaurantView.swift */,
				D49B59292A652A35003C108E /* PopularRestaurantContentsView.swift */,
				D49B592B2A653454003C108E /* RestaurantContentCell.swift */,
			);
			path = View;
			sourceTree = "<group>";
		};
		D441C01C2A668FEC00063822 /* CheffiRecommendation */ = {
			isa = PBXGroup;
			children = (
				D441C0212A6696C800063822 /* View */,
			);
			path = CheffiRecommendation;
			sourceTree = "<group>";
		};
		D441C0212A6696C800063822 /* View */ = {
			isa = PBXGroup;
			children = (
				D441C01D2A6693E300063822 /* CheffiRecommendationCell.swift */,
				D441C01F2A66965400063822 /* CheffiRecommendationCatogoryPageView.swift */,
				D441C0222A66985C00063822 /* CheffiRecommendationCategoryPageCell.swift */,
			);
			path = View;
			sourceTree = "<group>";
		};
		D4E244AC2A60FF5A004E0167 = {
			isa = PBXGroup;
			children = (
				D4E244B72A60FF5A004E0167 /* Cheffi */,
				CE1A6A862A62AE4D00FFE93D /* CheffiTests */,
				D4E244B62A60FF5A004E0167 /* Products */,
				65BDD68A3ABF29456FF37264 /* Pods */,
				D9B9B210488FFC9E099F948F /* Frameworks */,
			);
			sourceTree = "<group>";
		};
		D4E244B62A60FF5A004E0167 /* Products */ = {
			isa = PBXGroup;
			children = (
				D4E244B52A60FF5A004E0167 /* Cheffi.app */,
				CE1A6A852A62AE4D00FFE93D /* CheffiTests.xctest */,
			);
			name = Products;
			sourceTree = "<group>";
		};
		D4E244B72A60FF5A004E0167 /* Cheffi */ = {
			isa = PBXGroup;
			children = (
				D41B45E72A611836003EF1EC /* Application */,
				CE1A6A792A62960A00FFE93D /* Common */,
				D41B45EA2A611875003EF1EC /* Presentation */,
				CE70F8A02A63E7F5003D0ED9 /* Domain */,
				CE70F89D2A63E7C0003D0ED9 /* Data */,
				D41B45ED2A61188B003EF1EC /* Infrastructure */,
				CE70F8A92A642A6A003D0ED9 /* Resources */,
			);
			path = Cheffi;
			sourceTree = "<group>";
		};
		D4E24EDF2A64EF0E00F9A3B3 /* PopularRestaurant */ = {
			isa = PBXGroup;
			children = (
				D441C01B2A668FDF00063822 /* View */,
			);
			path = PopularRestaurant;
			sourceTree = "<group>";
		};
		D4E24EE02A64EFB900F9A3B3 /* Views */ = {
			isa = PBXGroup;
			children = (
				D4E24EE12A64F02E00F9A3B3 /* ContentTimeLockBubbleView.swift */,
				D49B59272A652330003C108E /* RestaurantContentView.swift */,
			);
			path = Views;
			sourceTree = "<group>";
		};
		D9B9B210488FFC9E099F948F /* Frameworks */ = {
			isa = PBXGroup;
			children = (
				4FFE5AB9FA75B3E04B6128B0 /* Pods_Cheffi.framework */,
			);
			name = Frameworks;
			sourceTree = "<group>";
		};
/* End PBXGroup section */

/* Begin PBXNativeTarget section */
		CE1A6A842A62AE4D00FFE93D /* CheffiTests */ = {
			isa = PBXNativeTarget;
			buildConfigurationList = CE1A6A8B2A62AE4D00FFE93D /* Build configuration list for PBXNativeTarget "CheffiTests" */;
			buildPhases = (
				CE1A6A812A62AE4D00FFE93D /* Sources */,
				CE1A6A822A62AE4D00FFE93D /* Frameworks */,
				CE1A6A832A62AE4D00FFE93D /* Resources */,
			);
			buildRules = (
			);
			dependencies = (
				CE1A6A8A2A62AE4D00FFE93D /* PBXTargetDependency */,
			);
			name = CheffiTests;
			productName = CheffiTests;
			productReference = CE1A6A852A62AE4D00FFE93D /* CheffiTests.xctest */;
			productType = "com.apple.product-type.bundle.unit-test";
		};
		D4E244B42A60FF5A004E0167 /* Cheffi */ = {
			isa = PBXNativeTarget;
			buildConfigurationList = D4E244C92A60FF5D004E0167 /* Build configuration list for PBXNativeTarget "Cheffi" */;
			buildPhases = (
				E050D863C27B2C9E1B4B0C52 /* [CP] Check Pods Manifest.lock */,
				D4E244B12A60FF5A004E0167 /* Sources */,
				D4E244B22A60FF5A004E0167 /* Frameworks */,
				D4E244B32A60FF5A004E0167 /* Resources */,
				97F70CD3123195456B7B2920 /* [CP] Embed Pods Frameworks */,
			);
			buildRules = (
			);
			dependencies = (
			);
			name = Cheffi;
			packageProductDependencies = (
				CE0D45162A61712400636989 /* SwifterSwift */,
			);
			productName = Cheffi;
			productReference = D4E244B52A60FF5A004E0167 /* Cheffi.app */;
			productType = "com.apple.product-type.application";
		};
/* End PBXNativeTarget section */

/* Begin PBXProject section */
		D4E244AD2A60FF5A004E0167 /* Project object */ = {
			isa = PBXProject;
			attributes = {
				BuildIndependentTargetsInParallel = 1;
				LastSwiftUpdateCheck = 1430;
				LastUpgradeCheck = 1420;
				TargetAttributes = {
					CE1A6A842A62AE4D00FFE93D = {
						CreatedOnToolsVersion = 14.3.1;
						TestTargetID = D4E244B42A60FF5A004E0167;
					};
					D4E244B42A60FF5A004E0167 = {
						CreatedOnToolsVersion = 14.2;
					};
				};
			};
			buildConfigurationList = D4E244B02A60FF5A004E0167 /* Build configuration list for PBXProject "Cheffi" */;
			compatibilityVersion = "Xcode 13.0";
			developmentRegion = en;
			hasScannedForEncodings = 0;
			knownRegions = (
				en,
				Base,
			);
			mainGroup = D4E244AC2A60FF5A004E0167;
			packageReferences = (
				CE0D45152A61712400636989 /* XCRemoteSwiftPackageReference "SwifterSwift" */,
			);
			productRefGroup = D4E244B62A60FF5A004E0167 /* Products */;
			projectDirPath = "";
			projectRoot = "";
			targets = (
				D4E244B42A60FF5A004E0167 /* Cheffi */,
				CE1A6A842A62AE4D00FFE93D /* CheffiTests */,
			);
		};
/* End PBXProject section */

/* Begin PBXResourcesBuildPhase section */
		CE1A6A832A62AE4D00FFE93D /* Resources */ = {
			isa = PBXResourcesBuildPhase;
			buildActionMask = 2147483647;
			files = (
			);
			runOnlyForDeploymentPostprocessing = 0;
		};
		D4E244B32A60FF5A004E0167 /* Resources */ = {
			isa = PBXResourcesBuildPhase;
			buildActionMask = 2147483647;
			files = (
				CE1A6A762A6286CB00FFE93D /* SimilarChefProfileCell.xib in Resources */,
				D4E244C22A60FF5D004E0167 /* Assets.xcassets in Resources */,
				CE0D453A2A61AA7700636989 /* MyPage.storyboard in Resources */,
				CE0D45342A61968200636989 /* RestaurantRegist.storyboard in Resources */,
				CE0D45432A626C3B00636989 /* SimilarChefCell.xib in Resources */,
				CE0D45262A618F8700636989 /* NationalTrend.storyboard in Resources */,
				D4E244C02A60FF5A004E0167 /* Home.storyboard in Resources */,
			);
			runOnlyForDeploymentPostprocessing = 0;
		};
/* End PBXResourcesBuildPhase section */

/* Begin PBXShellScriptBuildPhase section */
		97F70CD3123195456B7B2920 /* [CP] Embed Pods Frameworks */ = {
			isa = PBXShellScriptBuildPhase;
			buildActionMask = 2147483647;
			files = (
			);
			inputFileListPaths = (
				"${PODS_ROOT}/Target Support Files/Pods-Cheffi/Pods-Cheffi-frameworks-${CONFIGURATION}-input-files.xcfilelist",
			);
			name = "[CP] Embed Pods Frameworks";
			outputFileListPaths = (
				"${PODS_ROOT}/Target Support Files/Pods-Cheffi/Pods-Cheffi-frameworks-${CONFIGURATION}-output-files.xcfilelist",
			);
			runOnlyForDeploymentPostprocessing = 0;
			shellPath = /bin/sh;
			shellScript = "\"${PODS_ROOT}/Target Support Files/Pods-Cheffi/Pods-Cheffi-frameworks.sh\"\n";
			showEnvVarsInLog = 0;
		};
		E050D863C27B2C9E1B4B0C52 /* [CP] Check Pods Manifest.lock */ = {
			isa = PBXShellScriptBuildPhase;
			buildActionMask = 2147483647;
			files = (
			);
			inputFileListPaths = (
			);
			inputPaths = (
				"${PODS_PODFILE_DIR_PATH}/Podfile.lock",
				"${PODS_ROOT}/Manifest.lock",
			);
			name = "[CP] Check Pods Manifest.lock";
			outputFileListPaths = (
			);
			outputPaths = (
				"$(DERIVED_FILE_DIR)/Pods-Cheffi-checkManifestLockResult.txt",
			);
			runOnlyForDeploymentPostprocessing = 0;
			shellPath = /bin/sh;
			shellScript = "diff \"${PODS_PODFILE_DIR_PATH}/Podfile.lock\" \"${PODS_ROOT}/Manifest.lock\" > /dev/null\nif [ $? != 0 ] ; then\n    # print error to STDERR\n    echo \"error: The sandbox is not in sync with the Podfile.lock. Run 'pod install' or update your CocoaPods installation.\" >&2\n    exit 1\nfi\n# This output is used by Xcode 'outputs' to avoid re-running this script phase.\necho \"SUCCESS\" > \"${SCRIPT_OUTPUT_FILE_0}\"\n";
			showEnvVarsInLog = 0;
		};
/* End PBXShellScriptBuildPhase section */

/* Begin PBXSourcesBuildPhase section */
		CE1A6A812A62AE4D00FFE93D /* Sources */ = {
			isa = PBXSourcesBuildPhase;
			buildActionMask = 2147483647;
			files = (
				CE1A6A912A62AECA00FFE93D /* SimilarChefViewModelTests.swift in Sources */,
			);
			runOnlyForDeploymentPostprocessing = 0;
		};
		D4E244B12A60FF5A004E0167 /* Sources */ = {
			isa = PBXSourcesBuildPhase;
			buildActionMask = 2147483647;
			files = (
				CE70F8892A63BFEB003D0ED9 /* User.swift in Sources */,
				CE1A6A6D2A62716C00FFE93D /* SimilarChefViewModel.swift in Sources */,
				CE70F8912A63C18C003D0ED9 /* FetchSimilarChefUseCase.swift in Sources */,
				CE0D45422A626C3B00636989 /* SimilarChefCell.swift in Sources */,
				CE0D453C2A61AAD700636989 /* MyPageFlowCoodinator.swift in Sources */,
				CE70F8872A63BFC8003D0ED9 /* HomeViewModel.swift in Sources */,
				CE0D45212A618E5700636989 /* NationalTrendFlowCoordinator.swift in Sources */,
				D4E244BD2A60FF5A004E0167 /* HomeViewController.swift in Sources */,
				D49B592C2A653454003C108E /* RestaurantContentCell.swift in Sources */,
				D49B592A2A652A35003C108E /* PopularRestaurantContentsView.swift in Sources */,
				D4E244B92A60FF5A004E0167 /* AppDelegate.swift in Sources */,
				D41B45FF2A61284D003EF1EC /* AppDIContainer.swift in Sources */,
				CE0D45242A618F0C00636989 /* NationalTrendViewController.swift in Sources */,
				CE70F88D2A63C0CC003D0ED9 /* SimilarChefRepository.swift in Sources */,
				D49B59282A652330003C108E /* RestaurantContentView.swift in Sources */,
				D41B45FD2A6126FD003EF1EC /* AppFlowCoordinator.swift in Sources */,
				CE0D453F2A61AECD00636989 /* BaseFlowCoordinator.swift in Sources */,
				D4E24EDE2A64EA7300F9A3B3 /* MainPopularRestaurantView.swift in Sources */,
				D41B46032A61295D003EF1EC /* HomeSceneDIContainer.swift in Sources */,
				CE1A6A752A6286CB00FFE93D /* SimilarChefProfileCell.swift in Sources */,
				D441C0232A66985C00063822 /* CheffiRecommendationCategoryPageCell.swift in Sources */,
				CE0D45382A61AA5A00636989 /* MyPageViewController.swift in Sources */,
				CE0D452A2A6195CA00636989 /* MyPageSceneDIContainer.swift in Sources */,
				CE0D45362A61975100636989 /* RestaurantRegistFlowCoodinator.swift in Sources */,
				D4E24EE22A64F02E00F9A3B3 /* ContentTimeLockBubbleView.swift in Sources */,
				D441C0202A66965400063822 /* CheffiRecommendationCatogoryPageView.swift in Sources */,
				CE1A6A7B2A62961D00FFE93D /* BaseView.swift in Sources */,
				D4E244BB2A60FF5A004E0167 /* SceneDelegate.swift in Sources */,
				CE0D45322A61967700636989 /* RestaurantRegistViewController.swift in Sources */,
				D4E24EDC2A64E97A00F9A3B3 /* PopularRestaurantCell.swift in Sources */,
				D41B45FB2A612600003EF1EC /* Storyboarded.swift in Sources */,
				CE0D45282A6195BD00636989 /* RestaurantRegistSceneDIContainer.swift in Sources */,
				D41B46012A6128C1003EF1EC /* HomeFlowCoordinator.swift in Sources */,
				CE70F8992A63C692003D0ED9 /* DefaultSimilarChefRepository.swift in Sources */,
				CE1A6A782A6294DC00FFE93D /* TagListView.swift in Sources */,
				CE1A6A722A6281E200FFE93D /* ProfileView.swift in Sources */,
				D441C01E2A6693E300063822 /* CheffiRecommendationCell.swift in Sources */,
				CE0D45192A617FC500636989 /* NationalTrendSceneDIContainer.swift in Sources */,
			);
			runOnlyForDeploymentPostprocessing = 0;
		};
/* End PBXSourcesBuildPhase section */

/* Begin PBXTargetDependency section */
		CE1A6A8A2A62AE4D00FFE93D /* PBXTargetDependency */ = {
			isa = PBXTargetDependency;
			target = D4E244B42A60FF5A004E0167 /* Cheffi */;
			targetProxy = CE1A6A892A62AE4D00FFE93D /* PBXContainerItemProxy */;
		};
/* End PBXTargetDependency section */

/* Begin PBXVariantGroup section */
		D4E244BE2A60FF5A004E0167 /* Home.storyboard */ = {
			isa = PBXVariantGroup;
			children = (
				D4E244BF2A60FF5A004E0167 /* Base */,
			);
			name = Home.storyboard;
			sourceTree = "<group>";
		};
/* End PBXVariantGroup section */

/* Begin XCBuildConfiguration section */
		CE1A6A8C2A62AE4D00FFE93D /* Debug */ = {
			isa = XCBuildConfiguration;
			buildSettings = {
				BUNDLE_LOADER = "$(TEST_HOST)";
				CODE_SIGN_STYLE = Automatic;
				CURRENT_PROJECT_VERSION = 1;
				DEVELOPMENT_TEAM = 3D2GFZ7CZT;
				GENERATE_INFOPLIST_FILE = YES;
				IPHONEOS_DEPLOYMENT_TARGET = 16.4;
				MARKETING_VERSION = 1.0;
				PRODUCT_BUNDLE_IDENTIFIER = com.sseoju.CheffiTests;
				PRODUCT_NAME = "$(TARGET_NAME)";
				SWIFT_EMIT_LOC_STRINGS = NO;
				SWIFT_VERSION = 5.0;
				TARGETED_DEVICE_FAMILY = "1,2";
				TEST_HOST = "$(BUILT_PRODUCTS_DIR)/Cheffi.app/$(BUNDLE_EXECUTABLE_FOLDER_PATH)/Cheffi";
			};
			name = Debug;
		};
		CE1A6A8D2A62AE4D00FFE93D /* Release */ = {
			isa = XCBuildConfiguration;
			buildSettings = {
				BUNDLE_LOADER = "$(TEST_HOST)";
				CODE_SIGN_STYLE = Automatic;
				CURRENT_PROJECT_VERSION = 1;
				DEVELOPMENT_TEAM = 3D2GFZ7CZT;
				GENERATE_INFOPLIST_FILE = YES;
				IPHONEOS_DEPLOYMENT_TARGET = 16.4;
				MARKETING_VERSION = 1.0;
				PRODUCT_BUNDLE_IDENTIFIER = com.sseoju.CheffiTests;
				PRODUCT_NAME = "$(TARGET_NAME)";
				SWIFT_EMIT_LOC_STRINGS = NO;
				SWIFT_VERSION = 5.0;
				TARGETED_DEVICE_FAMILY = "1,2";
				TEST_HOST = "$(BUILT_PRODUCTS_DIR)/Cheffi.app/$(BUNDLE_EXECUTABLE_FOLDER_PATH)/Cheffi";
			};
			name = Release;
		};
		D4E244C72A60FF5D004E0167 /* Debug */ = {
			isa = XCBuildConfiguration;
			buildSettings = {
				ALWAYS_SEARCH_USER_PATHS = NO;
				CLANG_ANALYZER_NONNULL = YES;
				CLANG_ANALYZER_NUMBER_OBJECT_CONVERSION = YES_AGGRESSIVE;
				CLANG_CXX_LANGUAGE_STANDARD = "gnu++20";
				CLANG_ENABLE_MODULES = YES;
				CLANG_ENABLE_OBJC_ARC = YES;
				CLANG_ENABLE_OBJC_WEAK = YES;
				CLANG_WARN_BLOCK_CAPTURE_AUTORELEASING = YES;
				CLANG_WARN_BOOL_CONVERSION = YES;
				CLANG_WARN_COMMA = YES;
				CLANG_WARN_CONSTANT_CONVERSION = YES;
				CLANG_WARN_DEPRECATED_OBJC_IMPLEMENTATIONS = YES;
				CLANG_WARN_DIRECT_OBJC_ISA_USAGE = YES_ERROR;
				CLANG_WARN_DOCUMENTATION_COMMENTS = YES;
				CLANG_WARN_EMPTY_BODY = YES;
				CLANG_WARN_ENUM_CONVERSION = YES;
				CLANG_WARN_INFINITE_RECURSION = YES;
				CLANG_WARN_INT_CONVERSION = YES;
				CLANG_WARN_NON_LITERAL_NULL_CONVERSION = YES;
				CLANG_WARN_OBJC_IMPLICIT_RETAIN_SELF = YES;
				CLANG_WARN_OBJC_LITERAL_CONVERSION = YES;
				CLANG_WARN_OBJC_ROOT_CLASS = YES_ERROR;
				CLANG_WARN_QUOTED_INCLUDE_IN_FRAMEWORK_HEADER = YES;
				CLANG_WARN_RANGE_LOOP_ANALYSIS = YES;
				CLANG_WARN_STRICT_PROTOTYPES = YES;
				CLANG_WARN_SUSPICIOUS_MOVE = YES;
				CLANG_WARN_UNGUARDED_AVAILABILITY = YES_AGGRESSIVE;
				CLANG_WARN_UNREACHABLE_CODE = YES;
				CLANG_WARN__DUPLICATE_METHOD_MATCH = YES;
				COPY_PHASE_STRIP = NO;
				DEBUG_INFORMATION_FORMAT = dwarf;
				ENABLE_STRICT_OBJC_MSGSEND = YES;
				ENABLE_TESTABILITY = YES;
				GCC_C_LANGUAGE_STANDARD = gnu11;
				GCC_DYNAMIC_NO_PIC = NO;
				GCC_NO_COMMON_BLOCKS = YES;
				GCC_OPTIMIZATION_LEVEL = 0;
				GCC_PREPROCESSOR_DEFINITIONS = (
					"DEBUG=1",
					"$(inherited)",
				);
				GCC_WARN_64_TO_32_BIT_CONVERSION = YES;
				GCC_WARN_ABOUT_RETURN_TYPE = YES_ERROR;
				GCC_WARN_UNDECLARED_SELECTOR = YES;
				GCC_WARN_UNINITIALIZED_AUTOS = YES_AGGRESSIVE;
				GCC_WARN_UNUSED_FUNCTION = YES;
				GCC_WARN_UNUSED_VARIABLE = YES;
				IPHONEOS_DEPLOYMENT_TARGET = 16.2;
				MTL_ENABLE_DEBUG_INFO = INCLUDE_SOURCE;
				MTL_FAST_MATH = YES;
				ONLY_ACTIVE_ARCH = YES;
				SDKROOT = iphoneos;
				SWIFT_ACTIVE_COMPILATION_CONDITIONS = DEBUG;
				SWIFT_OPTIMIZATION_LEVEL = "-Onone";
			};
			name = Debug;
		};
		D4E244C82A60FF5D004E0167 /* Release */ = {
			isa = XCBuildConfiguration;
			buildSettings = {
				ALWAYS_SEARCH_USER_PATHS = NO;
				CLANG_ANALYZER_NONNULL = YES;
				CLANG_ANALYZER_NUMBER_OBJECT_CONVERSION = YES_AGGRESSIVE;
				CLANG_CXX_LANGUAGE_STANDARD = "gnu++20";
				CLANG_ENABLE_MODULES = YES;
				CLANG_ENABLE_OBJC_ARC = YES;
				CLANG_ENABLE_OBJC_WEAK = YES;
				CLANG_WARN_BLOCK_CAPTURE_AUTORELEASING = YES;
				CLANG_WARN_BOOL_CONVERSION = YES;
				CLANG_WARN_COMMA = YES;
				CLANG_WARN_CONSTANT_CONVERSION = YES;
				CLANG_WARN_DEPRECATED_OBJC_IMPLEMENTATIONS = YES;
				CLANG_WARN_DIRECT_OBJC_ISA_USAGE = YES_ERROR;
				CLANG_WARN_DOCUMENTATION_COMMENTS = YES;
				CLANG_WARN_EMPTY_BODY = YES;
				CLANG_WARN_ENUM_CONVERSION = YES;
				CLANG_WARN_INFINITE_RECURSION = YES;
				CLANG_WARN_INT_CONVERSION = YES;
				CLANG_WARN_NON_LITERAL_NULL_CONVERSION = YES;
				CLANG_WARN_OBJC_IMPLICIT_RETAIN_SELF = YES;
				CLANG_WARN_OBJC_LITERAL_CONVERSION = YES;
				CLANG_WARN_OBJC_ROOT_CLASS = YES_ERROR;
				CLANG_WARN_QUOTED_INCLUDE_IN_FRAMEWORK_HEADER = YES;
				CLANG_WARN_RANGE_LOOP_ANALYSIS = YES;
				CLANG_WARN_STRICT_PROTOTYPES = YES;
				CLANG_WARN_SUSPICIOUS_MOVE = YES;
				CLANG_WARN_UNGUARDED_AVAILABILITY = YES_AGGRESSIVE;
				CLANG_WARN_UNREACHABLE_CODE = YES;
				CLANG_WARN__DUPLICATE_METHOD_MATCH = YES;
				COPY_PHASE_STRIP = NO;
				DEBUG_INFORMATION_FORMAT = "dwarf-with-dsym";
				ENABLE_NS_ASSERTIONS = NO;
				ENABLE_STRICT_OBJC_MSGSEND = YES;
				GCC_C_LANGUAGE_STANDARD = gnu11;
				GCC_NO_COMMON_BLOCKS = YES;
				GCC_WARN_64_TO_32_BIT_CONVERSION = YES;
				GCC_WARN_ABOUT_RETURN_TYPE = YES_ERROR;
				GCC_WARN_UNDECLARED_SELECTOR = YES;
				GCC_WARN_UNINITIALIZED_AUTOS = YES_AGGRESSIVE;
				GCC_WARN_UNUSED_FUNCTION = YES;
				GCC_WARN_UNUSED_VARIABLE = YES;
				IPHONEOS_DEPLOYMENT_TARGET = 16.2;
				MTL_ENABLE_DEBUG_INFO = NO;
				MTL_FAST_MATH = YES;
				SDKROOT = iphoneos;
				SWIFT_COMPILATION_MODE = wholemodule;
				SWIFT_OPTIMIZATION_LEVEL = "-O";
				VALIDATE_PRODUCT = YES;
			};
			name = Release;
		};
		D4E244CA2A60FF5D004E0167 /* Debug */ = {
			isa = XCBuildConfiguration;
			baseConfigurationReference = 1B24CC8C1560BF374B8A3ED8 /* Pods-Cheffi.debug.xcconfig */;
			buildSettings = {
				ASSETCATALOG_COMPILER_APPICON_NAME = AppIcon;
				ASSETCATALOG_COMPILER_GLOBAL_ACCENT_COLOR_NAME = AccentColor;
				CODE_SIGN_STYLE = Automatic;
				CURRENT_PROJECT_VERSION = 1;
				GENERATE_INFOPLIST_FILE = YES;
				INFOPLIST_FILE = Cheffi/Resources/Info.plist;
				INFOPLIST_KEY_UIApplicationSupportsIndirectInputEvents = YES;
				INFOPLIST_KEY_UILaunchStoryboardName = LaunchScreen;
				INFOPLIST_KEY_UIStatusBarStyle = "";
				INFOPLIST_KEY_UISupportedInterfaceOrientations = UIInterfaceOrientationPortrait;
				INFOPLIST_KEY_UISupportedInterfaceOrientations_iPad = "UIInterfaceOrientationLandscapeLeft UIInterfaceOrientationLandscapeRight UIInterfaceOrientationPortrait UIInterfaceOrientationPortraitUpsideDown";
				IPHONEOS_DEPLOYMENT_TARGET = 15.0;
				LD_RUNPATH_SEARCH_PATHS = (
					"$(inherited)",
					"@executable_path/Frameworks",
				);
				MARKETING_VERSION = 1.0;
				PRODUCT_BUNDLE_IDENTIFIER = cheffi.Cheffi;
				PRODUCT_NAME = "$(TARGET_NAME)";
				SUPPORTED_PLATFORMS = "iphoneos iphonesimulator";
				SUPPORTS_MACCATALYST = NO;
				SUPPORTS_MAC_DESIGNED_FOR_IPHONE_IPAD = NO;
				SWIFT_EMIT_LOC_STRINGS = YES;
				SWIFT_VERSION = 5.0;
				TARGETED_DEVICE_FAMILY = 1;
			};
			name = Debug;
		};
		D4E244CB2A60FF5D004E0167 /* Release */ = {
			isa = XCBuildConfiguration;
			baseConfigurationReference = 5D148B9BF9EC9E451CCFEBDE /* Pods-Cheffi.release.xcconfig */;
			buildSettings = {
				ASSETCATALOG_COMPILER_APPICON_NAME = AppIcon;
				ASSETCATALOG_COMPILER_GLOBAL_ACCENT_COLOR_NAME = AccentColor;
				CODE_SIGN_STYLE = Automatic;
				CURRENT_PROJECT_VERSION = 1;
				GENERATE_INFOPLIST_FILE = YES;
				INFOPLIST_FILE = Cheffi/Resources/Info.plist;
				INFOPLIST_KEY_UIApplicationSupportsIndirectInputEvents = YES;
				INFOPLIST_KEY_UILaunchStoryboardName = LaunchScreen;
				INFOPLIST_KEY_UIStatusBarStyle = "";
				INFOPLIST_KEY_UISupportedInterfaceOrientations = UIInterfaceOrientationPortrait;
				INFOPLIST_KEY_UISupportedInterfaceOrientations_iPad = "UIInterfaceOrientationLandscapeLeft UIInterfaceOrientationLandscapeRight UIInterfaceOrientationPortrait UIInterfaceOrientationPortraitUpsideDown";
				IPHONEOS_DEPLOYMENT_TARGET = 15.0;
				LD_RUNPATH_SEARCH_PATHS = (
					"$(inherited)",
					"@executable_path/Frameworks",
				);
				MARKETING_VERSION = 1.0;
				PRODUCT_BUNDLE_IDENTIFIER = cheffi.Cheffi;
				PRODUCT_NAME = "$(TARGET_NAME)";
				SUPPORTED_PLATFORMS = "iphoneos iphonesimulator";
				SUPPORTS_MACCATALYST = NO;
				SUPPORTS_MAC_DESIGNED_FOR_IPHONE_IPAD = NO;
				SWIFT_EMIT_LOC_STRINGS = YES;
				SWIFT_VERSION = 5.0;
				TARGETED_DEVICE_FAMILY = 1;
			};
			name = Release;
		};
/* End XCBuildConfiguration section */

/* Begin XCConfigurationList section */
		CE1A6A8B2A62AE4D00FFE93D /* Build configuration list for PBXNativeTarget "CheffiTests" */ = {
			isa = XCConfigurationList;
			buildConfigurations = (
				CE1A6A8C2A62AE4D00FFE93D /* Debug */,
				CE1A6A8D2A62AE4D00FFE93D /* Release */,
			);
			defaultConfigurationIsVisible = 0;
			defaultConfigurationName = Release;
		};
		D4E244B02A60FF5A004E0167 /* Build configuration list for PBXProject "Cheffi" */ = {
			isa = XCConfigurationList;
			buildConfigurations = (
				D4E244C72A60FF5D004E0167 /* Debug */,
				D4E244C82A60FF5D004E0167 /* Release */,
			);
			defaultConfigurationIsVisible = 0;
			defaultConfigurationName = Release;
		};
		D4E244C92A60FF5D004E0167 /* Build configuration list for PBXNativeTarget "Cheffi" */ = {
			isa = XCConfigurationList;
			buildConfigurations = (
				D4E244CA2A60FF5D004E0167 /* Debug */,
				D4E244CB2A60FF5D004E0167 /* Release */,
			);
			defaultConfigurationIsVisible = 0;
			defaultConfigurationName = Release;
		};
/* End XCConfigurationList section */

/* Begin XCRemoteSwiftPackageReference section */
		CE0D45152A61712400636989 /* XCRemoteSwiftPackageReference "SwifterSwift" */ = {
			isa = XCRemoteSwiftPackageReference;
			repositoryURL = "https://github.com/SwifterSwift/SwifterSwift.git";
			requirement = {
				kind = exactVersion;
				version = 5.3.0;
			};
		};
/* End XCRemoteSwiftPackageReference section */

/* Begin XCSwiftPackageProductDependency section */
		CE0D45162A61712400636989 /* SwifterSwift */ = {
			isa = XCSwiftPackageProductDependency;
			package = CE0D45152A61712400636989 /* XCRemoteSwiftPackageReference "SwifterSwift" */;
			productName = SwifterSwift;
		};
/* End XCSwiftPackageProductDependency section */
	};
	rootObject = D4E244AD2A60FF5A004E0167 /* Project object */;
}
